# This file is automatically @generated by Cargo.
# It is not intended for manual editing.
[[package]]
name = "aead"
version = "0.4.3"
source = "registry+https://github.com/rust-lang/crates.io-index"
checksum = "0b613b8e1e3cf911a086f53f03bf286f52fd7a7258e4fa606f0ef220d39d8877"
dependencies = [
 "generic-array 0.14.4",
]

[[package]]
name = "aes"
version = "0.7.5"
source = "registry+https://github.com/rust-lang/crates.io-index"
checksum = "9e8b47f52ea9bae42228d07ec09eb676433d7c4ed1ebdf0f1d1c29ed446f1ab8"
dependencies = [
 "cfg-if",
 "cipher",
 "cpufeatures",
 "opaque-debug 0.3.0",
]

[[package]]
name = "aes-siv"
version = "0.6.2"
source = "registry+https://github.com/rust-lang/crates.io-index"
checksum = "5daaf431d0ff4b0a7b53e995b2d9c0762d9dc0b9f063b4cd65493f2263e096af"
dependencies = [
 "aead",
 "aes",
 "cipher",
 "cmac",
 "crypto-mac",
 "ctr",
 "dbl",
 "zeroize",
]

[[package]]
name = "anyhow"
version = "1.0.28"
source = "git+https://github.com/mesalock-linux/anyhow-sgx#9b7763f58b5dedc11f388ea9a0072049c309e27d"

[[package]]
name = "autocfg"
version = "0.1.7"
source = "registry+https://github.com/rust-lang/crates.io-index"
checksum = "1d49d90015b3c36167a20fe2810c5cd875ad504b39cff3d4eae7977e6b7c1cb2"

[[package]]
name = "autocfg"
version = "1.0.1"
source = "registry+https://github.com/rust-lang/crates.io-index"
checksum = "cdb031dd78e28731d87d56cc8ffef4a8f36ca26c38fe2de700543e627f8a464a"

[[package]]
name = "base64"
version = "0.13.0"
source = "git+https://github.com/mesalock-linux/rust-base64-sgx?rev=dc7389e10817b078f289386b3b6a852ab6c4c021#dc7389e10817b078f289386b3b6a852ab6c4c021"
dependencies = [
 "sgx_tstd 1.1.3 (git+https://github.com/apache/teaclave-sgx-sdk.git?rev=v1.1.3)",
]

[[package]]
name = "base64"
version = "0.13.0"
source = "git+https://github.com/mesalock-linux/rust-base64-sgx#dc7389e10817b078f289386b3b6a852ab6c4c021"
dependencies = [
 "sgx_tstd 1.1.3 (git+https://github.com/apache/teaclave-sgx-sdk.git?rev=v1.1.3)",
]

[[package]]
name = "bech32"
version = "0.7.3"
source = "registry+https://github.com/rust-lang/crates.io-index"
checksum = "2dabbe35f96fb9507f7330793dc490461b2962659ac5d427181e451a623751d1"

[[package]]
name = "bit-vec"
version = "0.6.3"
source = "registry+https://github.com/rust-lang/crates.io-index"
checksum = "349f9b6a179ed607305526ca489b34ad0a41aed5f7980fa90eb03160b69598fb"

[[package]]
name = "bitflags"
version = "1.3.2"
source = "registry+https://github.com/rust-lang/crates.io-index"
checksum = "bef38d45163c2f1dde094a7dfd33ccf595c92905c8f8f4fdc18d06fb1037718a"

[[package]]
name = "block-buffer"
version = "0.7.3"
source = "registry+https://github.com/rust-lang/crates.io-index"
checksum = "c0940dc441f31689269e10ac70eb1002a3a1d3ad1390e030043662eb7fe4688b"
dependencies = [
 "block-padding",
 "byte-tools",
 "byteorder",
 "generic-array 0.12.4",
]

[[package]]
name = "block-buffer"
version = "0.9.0"
source = "registry+https://github.com/rust-lang/crates.io-index"
checksum = "4152116fd6e9dadb291ae18fc1ec3575ed6d84c29642d97890f4b4a3417297e4"
dependencies = [
 "generic-array 0.14.4",
]

[[package]]
name = "block-padding"
version = "0.1.5"
source = "registry+https://github.com/rust-lang/crates.io-index"
checksum = "fa79dedbb091f449f1f39e53edf88d5dbe95f895dae6135a8d7b881fb5af73f5"
dependencies = [
 "byte-tools",
]

[[package]]
name = "byte-tools"
version = "0.3.1"
source = "registry+https://github.com/rust-lang/crates.io-index"
checksum = "e3b5ca7a04898ad4bcd41c90c5285445ff5b791899bb1b0abdd2a2aa791211d7"

[[package]]
name = "byteorder"
version = "1.4.3"
source = "registry+https://github.com/rust-lang/crates.io-index"
checksum = "14c189c53d098945499cdfa7ecc63567cf3886b3332b312a5b4585d8d3a6a610"

[[package]]
name = "bytes"
version = "0.5.4"
source = "git+https://github.com/mesalock-linux/bytes-sgx#63d1951a35f2e888696aba3796aac45214e727ec"
dependencies = [
 "sgx_tstd 1.1.3 (git+https://github.com/apache/teaclave-sgx-sdk.git?rev=v1.1.3)",
]

[[package]]
name = "cc"
version = "1.0.72"
source = "registry+https://github.com/rust-lang/crates.io-index"
checksum = "22a9137b95ea06864e018375b72adfb7db6e6f68cfc8df5a04d00288050485ee"

[[package]]
name = "cfg-if"
version = "1.0.0"
source = "registry+https://github.com/rust-lang/crates.io-index"
checksum = "baf1de4339761588bc0619e3cbc0120ee582ebb74b53b4efbf79117bd2da40fd"

[[package]]
name = "chrono"
version = "0.4.11"
source = "git+https://github.com/mesalock-linux/chrono-sgx#f964ae7f5f65bd2c9cd6f44a067e7980afc08ca0"
dependencies = [
 "num-integer 0.1.41",
 "num-traits 0.2.10",
 "sgx_tstd 1.1.3 (git+https://github.com/apache/teaclave-sgx-sdk.git?rev=v1.1.3)",
]

[[package]]
name = "cipher"
version = "0.3.0"
source = "registry+https://github.com/rust-lang/crates.io-index"
checksum = "7ee52072ec15386f770805afd189a01c8841be8696bed250fa2f13c4c0d6dfb7"
dependencies = [
 "generic-array 0.14.4",
]

[[package]]
name = "cmac"
version = "0.6.0"
source = "registry+https://github.com/rust-lang/crates.io-index"
checksum = "b70e37282d9624283878ffda1d1e53883bcf868cf441bddda44127620b39572d"
dependencies = [
 "crypto-mac",
 "dbl",
]

[[package]]
name = "convert_case"
version = "0.4.0"
source = "registry+https://github.com/rust-lang/crates.io-index"
checksum = "6245d59a3e82a7fc217c5828a6692dbc6dfb63a0c8c90495621f7b9d79704a0e"

[[package]]
name = "cpufeatures"
version = "0.2.1"
source = "registry+https://github.com/rust-lang/crates.io-index"
checksum = "95059428f66df56b63431fdb4e1947ed2190586af5c5a8a8b71122bdf5a7f469"
dependencies = [
 "libc",
]

[[package]]
name = "crypto-mac"
version = "0.11.1"
source = "registry+https://github.com/rust-lang/crates.io-index"
checksum = "b1d1a86f49236c215f271d40892d5fc950490551400b02ef360692c29815c714"
dependencies = [
 "cipher",
 "generic-array 0.14.4",
 "subtle",
]

[[package]]
name = "ctor"
version = "0.1.21"
source = "registry+https://github.com/rust-lang/crates.io-index"
checksum = "ccc0a48a9b826acdf4028595adc9db92caea352f7af011a3034acd172a52a0aa"
dependencies = [
 "quote",
 "syn",
]

[[package]]
name = "ctr"
version = "0.8.0"
source = "registry+https://github.com/rust-lang/crates.io-index"
checksum = "049bb91fb4aaf0e3c7efa6cd5ef877dbbbd15b39dad06d9948de4ec8a75761ea"
dependencies = [
 "cipher",
]

[[package]]
name = "curve25519-dalek"
version = "3.2.0"
source = "registry+https://github.com/rust-lang/crates.io-index"
checksum = "0b9fdf9972b2bd6af2d913799d9ebc165ea4d2e65878e329d9c6b372c4491b61"
dependencies = [
 "byteorder",
 "digest 0.9.0",
 "rand_core 0.5.1",
 "subtle",
 "zeroize",
]

[[package]]
name = "dbl"
version = "0.3.1"
source = "registry+https://github.com/rust-lang/crates.io-index"
checksum = "37e797687b5f09528a48fcb63b6914d0255b8a6c760699a919af37042f09d9b3"
dependencies = [
 "generic-array 0.14.4",
]

[[package]]
name = "derive_more"
version = "0.99.16"
source = "registry+https://github.com/rust-lang/crates.io-index"
checksum = "40eebddd2156ce1bb37b20bbe5151340a31828b1f2d22ba4141f3531710e38df"
dependencies = [
 "convert_case",
 "proc-macro2",
 "quote",
 "rustc_version",
 "syn",
]

[[package]]
name = "digest"
version = "0.8.1"
source = "registry+https://github.com/rust-lang/crates.io-index"
checksum = "f3d0c8c8752312f9713efd397ff63acb9f85585afbf179282e720e7704954dd5"
dependencies = [
 "generic-array 0.12.4",
]

[[package]]
name = "digest"
version = "0.9.0"
source = "registry+https://github.com/rust-lang/crates.io-index"
checksum = "d3dd60d1080a57a05ab032377049e0591415d2b31afd7028356dbf3cc6dcb066"
dependencies = [
 "generic-array 0.14.4",
]

[[package]]
name = "dirs"
version = "3.0.2"
source = "registry+https://github.com/rust-lang/crates.io-index"
checksum = "30baa043103c9d0c2a57cf537cc2f35623889dc0d405e6c3cccfadbc81c71309"
dependencies = [
 "dirs-sys",
]

[[package]]
name = "dirs-sys"
version = "0.3.6"
source = "registry+https://github.com/rust-lang/crates.io-index"
checksum = "03d86534ed367a67548dc68113a0f5db55432fdfbb6e6f9d77704397d95d5780"
dependencies = [
 "libc",
 "redox_users",
 "winapi",
]

[[package]]
name = "downcast-rs"
version = "1.2.0"
source = "registry+https://github.com/rust-lang/crates.io-index"
checksum = "9ea835d29036a4087793836fa931b08837ad5e957da9e23886b29586fb9b6650"

[[package]]
name = "either"
version = "1.6.1"
source = "registry+https://github.com/rust-lang/crates.io-index"
checksum = "e78d4f1cc4ae33bbfc157ed5d5a5ef3bc29227303d595861deb238fcec4e9457"

[[package]]
name = "enclave-ffi-types"
version = "0.1.0"
dependencies = [
 "derive_more",
]

[[package]]
name = "fake-simd"
version = "0.1.2"
source = "registry+https://github.com/rust-lang/crates.io-index"
checksum = "e88a8acf291dafb59c2d96e8f59828f3838bb1a70398823ade51a84de6a6deed"

[[package]]
name = "generic-array"
version = "0.12.4"
source = "registry+https://github.com/rust-lang/crates.io-index"
checksum = "ffdf9f34f1447443d37393cc6c2b8313aebddcd96906caf34e54c68d8e57d7bd"
dependencies = [
 "typenum",
]

[[package]]
name = "generic-array"
version = "0.14.4"
source = "registry+https://github.com/rust-lang/crates.io-index"
checksum = "501466ecc8a30d1d3b7fc9229b122b2ce8ed6e9d9223f1138d4babb253e51817"
dependencies = [
 "typenum",
 "version_check",
]

[[package]]
name = "getrandom"
version = "0.2.3"
source = "registry+https://github.com/rust-lang/crates.io-index"
checksum = "7fcd999463524c52659517fe2cea98493cfe485d10565e7b0fb07dbba7ad2753"
dependencies = [
 "cfg-if",
 "libc",
 "wasi",
]

[[package]]
name = "hashbrown_tstd"
version = "0.9.0"
source = "git+https://github.com/apache/teaclave-sgx-sdk.git?rev=a37ffb9449ba6d5b6e4a9d586bbab864ae732269#a37ffb9449ba6d5b6e4a9d586bbab864ae732269"

[[package]]
name = "hashbrown_tstd"
version = "0.9.0"
source = "git+https://github.com/apache/teaclave-sgx-sdk.git?rev=v1.1.3#a6a172e652b4db4eaa17e4faa078fda8922abdd0"

[[package]]
name = "hex"
version = "0.4.3"
source = "registry+https://github.com/rust-lang/crates.io-index"
checksum = "7f24254aa9a54b5c858eaee2f5bccdb46aaf0e486a595ed5fd8f86ba55232a70"

[[package]]
name = "httparse"
version = "1.5.1"
source = "registry+https://github.com/rust-lang/crates.io-index"
checksum = "acd94fdbe1d4ff688b67b04eee2e17bd50995534a61539e45adfefb45e5e5503"

[[package]]
name = "itertools"
version = "0.8.2"
source = "registry+https://github.com/rust-lang/crates.io-index"
checksum = "f56a2d0bc861f9165be4eb3442afd3c236d8a98afd426f65d92324ae1091a484"
dependencies = [
 "either",
]

[[package]]
name = "itoa"
version = "0.4.5"
source = "git+https://github.com/mesalock-linux/itoa-sgx#295ee451f5ec74f25c299552b481beb445ea3eb7"
dependencies = [
 "sgx_tstd 1.1.3 (git+https://github.com/apache/teaclave-sgx-sdk.git?rev=v1.1.3)",
]

[[package]]
name = "lazy_static"
version = "1.4.0"
source = "registry+https://github.com/rust-lang/crates.io-index"
checksum = "e2abad23fbc42b3700f2f279844dc832adb2b2eb069b2df918f455c4e18cc646"

[[package]]
name = "libc"
version = "0.2.107"
source = "registry+https://github.com/rust-lang/crates.io-index"
checksum = "fbe5e23404da5b4f555ef85ebed98fb4083e55a00c317800bc2a50ede9f3d219"

[[package]]
name = "libm"
version = "0.1.4"
source = "registry+https://github.com/rust-lang/crates.io-index"
checksum = "7fc7aa29613bd6a620df431842069224d8bc9011086b1db4c0e0cd47fa03ec9a"

[[package]]
name = "log"
version = "0.4.14"
source = "registry+https://github.com/rust-lang/crates.io-index"
checksum = "51b9bbe6c47d51fc3e1a9b945965946b4c44142ab8792c50835a980d362c2710"
dependencies = [
 "cfg-if",
]

[[package]]
name = "lru"
version = "0.6.6"
source = "registry+https://github.com/rust-lang/crates.io-index"
checksum = "7ea2d928b485416e8908cff2d97d621db22b27f7b3b6729e438bcf42c671ba91"

[[package]]
name = "memory_units"
version = "0.3.0"
source = "registry+https://github.com/rust-lang/crates.io-index"
checksum = "71d96e3f3c0b6325d8ccd83c33b28acb183edcb6c67938ba104ec546854b0882"

[[package]]
name = "num"
version = "0.2.0"
source = "git+https://github.com/mesalock-linux/num-sgx#22645415542cc67551890dfdd34f4d5638b9ec78"
dependencies = [
 "num-bigint",
 "num-complex",
 "num-integer 0.1.41",
 "num-iter",
 "num-rational 0.2.2",
 "num-traits 0.2.10",
]

[[package]]
name = "num-bigint"
version = "0.2.5"
source = "git+https://github.com/mesalock-linux/num-bigint-sgx#76a5bed94dc31c32bd1670dbf72877abcf9bbc09"
dependencies = [
 "autocfg 1.0.1",
 "num-integer 0.1.41",
 "num-traits 0.2.10",
 "sgx_tstd 1.1.3 (git+https://github.com/apache/teaclave-sgx-sdk.git?rev=v1.1.3)",
]

[[package]]
name = "num-complex"
version = "0.2.3"
source = "git+https://github.com/mesalock-linux/num-complex-sgx#19700ad6de079ebc5560db472c282d1591e0d84f"
dependencies = [
 "autocfg 0.1.7",
 "num-traits 0.2.10",
 "sgx_tstd 1.1.3 (git+https://github.com/apache/teaclave-sgx-sdk.git?rev=v1.1.3)",
]

[[package]]
name = "num-integer"
version = "0.1.41"
source = "git+https://github.com/mesalock-linux/num-integer-sgx#404c50e5378ca635261688b080dee328ff42b6bd"
dependencies = [
 "autocfg 0.1.7",
 "num-traits 0.2.10",
 "sgx_tstd 1.1.3 (git+https://github.com/apache/teaclave-sgx-sdk.git?rev=v1.1.3)",
]

[[package]]
name = "num-integer"
version = "0.1.44"
source = "registry+https://github.com/rust-lang/crates.io-index"
checksum = "d2cc698a63b549a70bc047073d2949cce27cd1c7b0a4a862d08a8031bc2801db"
dependencies = [
 "autocfg 1.0.1",
 "num-traits 0.2.14",
]

[[package]]
name = "num-iter"
version = "0.1.39"
source = "git+https://github.com/mesalock-linux/num-iter-sgx#f19fc44fcad0b82a040e5a24c511e5049cc04b60"
dependencies = [
 "num-integer 0.1.41",
 "num-traits 0.2.10",
 "sgx_tstd 1.1.3 (git+https://github.com/apache/teaclave-sgx-sdk.git?rev=v1.1.3)",
]

[[package]]
name = "num-rational"
version = "0.2.2"
source = "git+https://github.com/mesalock-linux/num-rational-sgx#be65f9ce439f3c9ec850d8041635ab6c3309b816"
dependencies = [
 "autocfg 0.1.7",
 "num-bigint",
 "num-integer 0.1.41",
 "num-traits 0.2.10",
 "sgx_tstd 1.1.3 (git+https://github.com/apache/teaclave-sgx-sdk.git?rev=v1.1.3)",
]

[[package]]
name = "num-rational"
version = "0.2.4"
source = "registry+https://github.com/rust-lang/crates.io-index"
checksum = "5c000134b5dbf44adc5cb772486d335293351644b801551abe8f75c84cfa4aef"
dependencies = [
 "autocfg 1.0.1",
 "num-integer 0.1.44",
 "num-traits 0.2.14",
]

[[package]]
name = "num-traits"
version = "0.2.10"
source = "git+https://github.com/mesalock-linux/num-traits-sgx#af046e0b15c594c960007418097dd4ff37ec3f7a"
dependencies = [
 "autocfg 0.1.7",
 "sgx_tstd 1.1.3 (git+https://github.com/apache/teaclave-sgx-sdk.git?rev=v1.1.3)",
]

[[package]]
name = "num-traits"
version = "0.2.14"
source = "registry+https://github.com/rust-lang/crates.io-index"
checksum = "9a64b1ec5cda2586e284722486d802acf1f7dbdc623e2bfc57e65ca1cd099290"
dependencies = [
 "autocfg 1.0.1",
]

[[package]]
name = "opaque-debug"
version = "0.2.3"
source = "registry+https://github.com/rust-lang/crates.io-index"
checksum = "2839e79665f131bdb5782e51f2c6c9599c133c6098982a54c794358bf432529c"

[[package]]
name = "opaque-debug"
version = "0.3.0"
source = "registry+https://github.com/rust-lang/crates.io-index"
checksum = "624a8340c38c1b80fd549087862da4ba43e08858af025b236e509b6649fc13d5"

[[package]]
name = "parity-wasm"
version = "0.41.0"
source = "registry+https://github.com/rust-lang/crates.io-index"
checksum = "ddfc878dac00da22f8f61e7af3157988424567ab01d9920b962ef7dcbd7cd865"

[[package]]
name = "pest"
version = "2.1.3"
source = "registry+https://github.com/rust-lang/crates.io-index"
checksum = "10f4872ae94d7b90ae48754df22fd42ad52ce740b8f370b03da4835417403e53"
dependencies = [
 "ucd-trie",
]

[[package]]
name = "ppv-lite86"
version = "0.2.15"
source = "registry+https://github.com/rust-lang/crates.io-index"
checksum = "ed0cfbc8191465bed66e1718596ee0b0b35d5ee1f41c5df2189d0fe8bde535ba"

[[package]]
name = "proc-macro2"
version = "1.0.32"
source = "registry+https://github.com/rust-lang/crates.io-index"
checksum = "ba508cc11742c0dc5c1659771673afbab7a0efab23aa17e854cbab0837ed0b43"
dependencies = [
 "unicode-xid",
]

[[package]]
name = "prost"
version = "0.6.1"
source = "git+https://github.com/mesalock-linux/prost-sgx?rev=cd3103a6d45cf7a43b6c1c5e4223428097d1c547#cd3103a6d45cf7a43b6c1c5e4223428097d1c547"
dependencies = [
 "bytes",
 "prost-derive",
]

[[package]]
name = "prost-derive"
version = "0.6.1"
source = "git+https://github.com/mesalock-linux/prost-sgx?rev=cd3103a6d45cf7a43b6c1c5e4223428097d1c547#cd3103a6d45cf7a43b6c1c5e4223428097d1c547"
dependencies = [
 "anyhow",
 "itertools",
 "proc-macro2",
 "quote",
 "syn",
]

[[package]]
name = "protobuf"
version = "2.25.2"
source = "registry+https://github.com/rust-lang/crates.io-index"
checksum = "47c327e191621a2158159df97cdbc2e7074bb4e940275e35abf38eb3d2595754"

[[package]]
name = "protobuf-codegen"
version = "2.25.2"
source = "registry+https://github.com/rust-lang/crates.io-index"
checksum = "3df8c98c08bd4d6653c2dbae00bd68c1d1d82a360265a5b0bbc73d48c63cb853"
dependencies = [
 "protobuf",
]

[[package]]
name = "protoc"
version = "2.25.2"
source = "registry+https://github.com/rust-lang/crates.io-index"
checksum = "9ac70cfc8935f5db2a29c0929db697035d02284011a9b78a5ef5d48092ce9673"
dependencies = [
 "log",
 "which",
]

[[package]]
name = "protoc-rust"
version = "2.25.2"
source = "registry+https://github.com/rust-lang/crates.io-index"
checksum = "6bad71c8404e3e09024fccbab55aae36e3662662167dc4530a242c8cc8ef8d20"
dependencies = [
 "protobuf",
 "protobuf-codegen",
 "protoc",
 "tempfile",
]

[[package]]
name = "pwasm-utils"
version = "0.12.0"
source = "registry+https://github.com/rust-lang/crates.io-index"
checksum = "4f7a12f176deee919f4ba55326ee17491c8b707d0987aed822682c821b660192"
dependencies = [
 "byteorder",
 "log",
 "parity-wasm",
]

[[package]]
name = "quote"
version = "1.0.10"
source = "registry+https://github.com/rust-lang/crates.io-index"
checksum = "38bc8cc6a5f2e3655e0899c1b848643b2562f853f114bfec7be120678e3ace05"
dependencies = [
 "proc-macro2",
]

[[package]]
name = "rand"
version = "0.8.4"
source = "registry+https://github.com/rust-lang/crates.io-index"
checksum = "2e7573632e6454cf6b99d7aac4ccca54be06da05aca2ef7423d22d27d4d4bcd8"
dependencies = [
 "libc",
 "rand_chacha",
 "rand_core 0.6.3",
 "rand_hc",
]

[[package]]
name = "rand_chacha"
version = "0.3.1"
source = "registry+https://github.com/rust-lang/crates.io-index"
checksum = "e6c10a63a0fa32252be49d21e7709d4d4baf8d231c2dbce1eaa8141b9b127d88"
dependencies = [
 "ppv-lite86",
 "rand_core 0.6.3",
]

[[package]]
name = "rand_core"
version = "0.5.1"
source = "git+https://github.com/mesalock-linux/rand-sgx#83583f073de3b4f75c3c3ef5e174d484ed941f85"

[[package]]
name = "rand_core"
version = "0.6.3"
source = "registry+https://github.com/rust-lang/crates.io-index"
checksum = "d34f1408f55294453790c48b2f1ebbb1c5b4b7563eb1f418bcfcfdbb06ebb4e7"
dependencies = [
 "getrandom",
]

[[package]]
name = "rand_hc"
version = "0.3.1"
source = "registry+https://github.com/rust-lang/crates.io-index"
checksum = "d51e9f596de227fda2ea6c84607f5558e196eeaf43c986b724ba4fb8fdf497e7"
dependencies = [
 "rand_core 0.6.3",
]

[[package]]
name = "redox_syscall"
version = "0.2.10"
source = "registry+https://github.com/rust-lang/crates.io-index"
checksum = "8383f39639269cde97d255a32bdb68c047337295414940c68bdd30c2e13203ff"
dependencies = [
 "bitflags",
]

[[package]]
name = "redox_users"
version = "0.4.0"
source = "registry+https://github.com/rust-lang/crates.io-index"
checksum = "528532f3d801c87aec9def2add9ca802fe569e44a544afe633765267840abe64"
dependencies = [
 "getrandom",
 "redox_syscall",
]

[[package]]
name = "remove_dir_all"
version = "0.5.3"
source = "registry+https://github.com/rust-lang/crates.io-index"
checksum = "3acd125665422973a33ac9d3dd2df85edad0f4ae9b00dafb1a05e43a9f5ef8e7"
dependencies = [
 "winapi",
]

[[package]]
name = "ring"
version = "0.16.19"
source = "git+https://github.com/mesalock-linux/ring-sgx?tag=v0.16.5#844efe271ed78a399d803b2579f5f2424d543c9f"
dependencies = [
 "cc",
 "sgx_tstd 1.1.3 (git+https://github.com/apache/teaclave-sgx-sdk.git?rev=v1.1.3)",
 "spin",
 "untrusted",
]

[[package]]
name = "ripemd160"
version = "0.9.1"
source = "registry+https://github.com/rust-lang/crates.io-index"
checksum = "2eca4ecc81b7f313189bf73ce724400a07da2a6dac19588b03c8bd76a2dcc251"
dependencies = [
 "block-buffer 0.9.0",
 "digest 0.9.0",
 "opaque-debug 0.3.0",
]

[[package]]
name = "rust-base58"
version = "0.0.4"
source = "git+https://github.com/mesalock-linux/rust-base58-sgx?rev=13fb3e0a543690e6e19332f37ba85fd74c56cb2f#13fb3e0a543690e6e19332f37ba85fd74c56cb2f"
dependencies = [
 "num",
 "sgx_tstd 1.1.3 (git+https://github.com/apache/teaclave-sgx-sdk.git?rev=v1.1.3)",
]

[[package]]
name = "rustc_version"
version = "0.3.3"
source = "registry+https://github.com/rust-lang/crates.io-index"
checksum = "f0dfe2087c51c460008730de8b57e6a320782fbfb312e1f4d520e6c6fae155ee"
dependencies = [
 "semver",
]

[[package]]
name = "rustls"
version = "0.19.0"
source = "git+https://github.com/mesalock-linux/rustls?rev=95b5e79dc24b02f3ce424437eb9698509d0baf58#95b5e79dc24b02f3ce424437eb9698509d0baf58"
dependencies = [
 "base64 0.13.0 (git+https://github.com/mesalock-linux/rust-base64-sgx)",
 "ring",
 "sct",
 "sgx_tstd 1.1.3 (git+https://github.com/apache/teaclave-sgx-sdk.git?rev=v1.1.3)",
 "webpki",
]

[[package]]
name = "ryu"
version = "1.0.5"
source = "registry+https://github.com/rust-lang/crates.io-index"
checksum = "71d301d4193d031abdd79ff7e3dd721168a9572ef3fe51a1517aba235bd8f86e"

[[package]]
name = "sct"
version = "0.6.0"
source = "git+https://github.com/mesalock-linux/sct.rs?branch=mesalock_sgx#c4d859cca232e6c9d88ca12048df3bc26e1ed4ad"
dependencies = [
 "ring",
 "sgx_tstd 1.1.3 (git+https://github.com/apache/teaclave-sgx-sdk.git?rev=v1.1.3)",
 "untrusted",
]

[[package]]
name = "secp256k1"
version = "0.19.0"
source = "registry+https://github.com/rust-lang/crates.io-index"
checksum = "c6179428c22c73ac0fbb7b5579a56353ce78ba29759b3b8575183336ea74cdfb"
dependencies = [
 "secp256k1-sys",
]

[[package]]
name = "secp256k1-sys"
version = "0.3.0"
source = "registry+https://github.com/rust-lang/crates.io-index"
checksum = "11553d210db090930f4432bea123b31f70bbf693ace14504ea2a35e796c28dd2"
dependencies = [
 "cc",
]

[[package]]
name = "semver"
version = "0.11.0"
source = "registry+https://github.com/rust-lang/crates.io-index"
checksum = "f301af10236f6df4160f7c3f04eec6dbc70ace82d23326abad5edee88801c6b6"
dependencies = [
 "semver-parser",
]

[[package]]
name = "semver-parser"
version = "0.10.2"
source = "registry+https://github.com/rust-lang/crates.io-index"
checksum = "00b0bef5b7f9e0df16536d3961cfb6e84331c065b4066afb39768d0e319411f7"
dependencies = [
 "pest",
]

[[package]]
name = "serde"
version = "1.0.118"
source = "git+https://github.com/mesalock-linux/serde-sgx#db0226f1d5d70fca6b96af2c285851502204e21c"
dependencies = [
 "serde_derive",
 "sgx_tstd 1.1.3 (git+https://github.com/apache/teaclave-sgx-sdk.git?rev=v1.1.3)",
]

[[package]]
name = "serde_derive"
version = "1.0.118"
source = "git+https://github.com/mesalock-linux/serde-sgx#db0226f1d5d70fca6b96af2c285851502204e21c"
dependencies = [
 "proc-macro2",
 "quote",
 "syn",
]

[[package]]
name = "serde_json"
version = "1.0.60"
source = "git+https://github.com/mesalock-linux/serde-json-sgx#380893814ad2a057758d825bab798aa117f7362a"
dependencies = [
 "itoa",
 "ryu",
 "serde",
 "sgx_tstd 1.1.3 (git+https://github.com/apache/teaclave-sgx-sdk.git?rev=v1.1.3)",
]

[[package]]
name = "sgx_alloc"
version = "1.1.3"
source = "git+https://github.com/apache/teaclave-sgx-sdk.git?rev=a37ffb9449ba6d5b6e4a9d586bbab864ae732269#a37ffb9449ba6d5b6e4a9d586bbab864ae732269"

[[package]]
name = "sgx_alloc"
version = "1.1.3"
source = "git+https://github.com/apache/teaclave-sgx-sdk.git?rev=v1.1.3#a6a172e652b4db4eaa17e4faa078fda8922abdd0"

[[package]]
name = "sgx_backtrace_sys"
version = "1.1.3"
source = "git+https://github.com/apache/teaclave-sgx-sdk.git?rev=a37ffb9449ba6d5b6e4a9d586bbab864ae732269#a37ffb9449ba6d5b6e4a9d586bbab864ae732269"
dependencies = [
 "cc",
 "sgx_build_helper 0.1.3 (git+https://github.com/apache/teaclave-sgx-sdk.git?rev=a37ffb9449ba6d5b6e4a9d586bbab864ae732269)",
 "sgx_libc 1.1.3 (git+https://github.com/apache/teaclave-sgx-sdk.git?rev=a37ffb9449ba6d5b6e4a9d586bbab864ae732269)",
]

[[package]]
name = "sgx_backtrace_sys"
version = "1.1.3"
source = "git+https://github.com/apache/teaclave-sgx-sdk.git?rev=v1.1.3#a6a172e652b4db4eaa17e4faa078fda8922abdd0"
dependencies = [
 "cc",
 "sgx_build_helper 0.1.3 (git+https://github.com/apache/teaclave-sgx-sdk.git?rev=v1.1.3)",
 "sgx_libc 1.1.3 (git+https://github.com/apache/teaclave-sgx-sdk.git?rev=v1.1.3)",
]

[[package]]
name = "sgx_build_helper"
version = "0.1.3"
source = "git+https://github.com/apache/teaclave-sgx-sdk.git?rev=a37ffb9449ba6d5b6e4a9d586bbab864ae732269#a37ffb9449ba6d5b6e4a9d586bbab864ae732269"

[[package]]
name = "sgx_build_helper"
version = "0.1.3"
source = "git+https://github.com/apache/teaclave-sgx-sdk.git?rev=v1.1.3#a6a172e652b4db4eaa17e4faa078fda8922abdd0"

[[package]]
name = "sgx_demangle"
version = "1.1.3"
source = "git+https://github.com/apache/teaclave-sgx-sdk.git?rev=a37ffb9449ba6d5b6e4a9d586bbab864ae732269#a37ffb9449ba6d5b6e4a9d586bbab864ae732269"

[[package]]
name = "sgx_demangle"
version = "1.1.3"
source = "git+https://github.com/apache/teaclave-sgx-sdk.git?rev=v1.1.3#a6a172e652b4db4eaa17e4faa078fda8922abdd0"

[[package]]
name = "sgx_edl"
version = "1.1.3"
source = "git+https://github.com/apache/teaclave-sgx-sdk.git?rev=a37ffb9449ba6d5b6e4a9d586bbab864ae732269#a37ffb9449ba6d5b6e4a9d586bbab864ae732269"

[[package]]
name = "sgx_libc"
version = "1.1.3"
source = "git+https://github.com/apache/teaclave-sgx-sdk.git?rev=a37ffb9449ba6d5b6e4a9d586bbab864ae732269#a37ffb9449ba6d5b6e4a9d586bbab864ae732269"
dependencies = [
 "sgx_types 1.1.3 (git+https://github.com/apache/teaclave-sgx-sdk.git?rev=a37ffb9449ba6d5b6e4a9d586bbab864ae732269)",
]

[[package]]
name = "sgx_libc"
version = "1.1.3"
source = "git+https://github.com/apache/teaclave-sgx-sdk.git?rev=v1.1.3#a6a172e652b4db4eaa17e4faa078fda8922abdd0"
dependencies = [
 "sgx_types 1.1.3 (git+https://github.com/apache/teaclave-sgx-sdk.git?rev=v1.1.3)",
]

[[package]]
name = "sgx_rand"
version = "1.1.3"
source = "git+https://github.com/apache/teaclave-sgx-sdk.git?rev=a37ffb9449ba6d5b6e4a9d586bbab864ae732269#a37ffb9449ba6d5b6e4a9d586bbab864ae732269"
dependencies = [
 "sgx_trts 1.1.3 (git+https://github.com/apache/teaclave-sgx-sdk.git?rev=a37ffb9449ba6d5b6e4a9d586bbab864ae732269)",
 "sgx_tstd 1.1.3 (git+https://github.com/apache/teaclave-sgx-sdk.git?rev=a37ffb9449ba6d5b6e4a9d586bbab864ae732269)",
 "sgx_types 1.1.3 (git+https://github.com/apache/teaclave-sgx-sdk.git?rev=a37ffb9449ba6d5b6e4a9d586bbab864ae732269)",
]

[[package]]
name = "sgx_tcrypto"
version = "1.1.3"
source = "git+https://github.com/apache/teaclave-sgx-sdk.git?rev=a37ffb9449ba6d5b6e4a9d586bbab864ae732269#a37ffb9449ba6d5b6e4a9d586bbab864ae732269"
dependencies = [
 "sgx_types 1.1.3 (git+https://github.com/apache/teaclave-sgx-sdk.git?rev=a37ffb9449ba6d5b6e4a9d586bbab864ae732269)",
]

[[package]]
name = "sgx_tprotected_fs"
version = "1.1.3"
source = "git+https://github.com/apache/teaclave-sgx-sdk.git?rev=a37ffb9449ba6d5b6e4a9d586bbab864ae732269#a37ffb9449ba6d5b6e4a9d586bbab864ae732269"
dependencies = [
 "sgx_trts 1.1.3 (git+https://github.com/apache/teaclave-sgx-sdk.git?rev=a37ffb9449ba6d5b6e4a9d586bbab864ae732269)",
 "sgx_types 1.1.3 (git+https://github.com/apache/teaclave-sgx-sdk.git?rev=a37ffb9449ba6d5b6e4a9d586bbab864ae732269)",
]

[[package]]
name = "sgx_tprotected_fs"
version = "1.1.3"
source = "git+https://github.com/apache/teaclave-sgx-sdk.git?rev=v1.1.3#a6a172e652b4db4eaa17e4faa078fda8922abdd0"
dependencies = [
 "sgx_trts 1.1.3 (git+https://github.com/apache/teaclave-sgx-sdk.git?rev=v1.1.3)",
 "sgx_types 1.1.3 (git+https://github.com/apache/teaclave-sgx-sdk.git?rev=v1.1.3)",
]

[[package]]
name = "sgx_trts"
version = "1.1.3"
source = "git+https://github.com/apache/teaclave-sgx-sdk.git?rev=a37ffb9449ba6d5b6e4a9d586bbab864ae732269#a37ffb9449ba6d5b6e4a9d586bbab864ae732269"
dependencies = [
 "sgx_libc 1.1.3 (git+https://github.com/apache/teaclave-sgx-sdk.git?rev=a37ffb9449ba6d5b6e4a9d586bbab864ae732269)",
 "sgx_types 1.1.3 (git+https://github.com/apache/teaclave-sgx-sdk.git?rev=a37ffb9449ba6d5b6e4a9d586bbab864ae732269)",
]

[[package]]
name = "sgx_trts"
version = "1.1.3"
source = "git+https://github.com/apache/teaclave-sgx-sdk.git?rev=v1.1.3#a6a172e652b4db4eaa17e4faa078fda8922abdd0"
dependencies = [
 "sgx_libc 1.1.3 (git+https://github.com/apache/teaclave-sgx-sdk.git?rev=v1.1.3)",
 "sgx_types 1.1.3 (git+https://github.com/apache/teaclave-sgx-sdk.git?rev=v1.1.3)",
]

[[package]]
name = "sgx_tse"
version = "1.1.3"
source = "git+https://github.com/apache/teaclave-sgx-sdk.git?rev=a37ffb9449ba6d5b6e4a9d586bbab864ae732269#a37ffb9449ba6d5b6e4a9d586bbab864ae732269"
dependencies = [
 "sgx_types 1.1.3 (git+https://github.com/apache/teaclave-sgx-sdk.git?rev=a37ffb9449ba6d5b6e4a9d586bbab864ae732269)",
]

[[package]]
name = "sgx_tseal"
version = "1.1.3"
source = "git+https://github.com/apache/teaclave-sgx-sdk.git?rev=a37ffb9449ba6d5b6e4a9d586bbab864ae732269#a37ffb9449ba6d5b6e4a9d586bbab864ae732269"
dependencies = [
 "sgx_tcrypto",
 "sgx_trts 1.1.3 (git+https://github.com/apache/teaclave-sgx-sdk.git?rev=a37ffb9449ba6d5b6e4a9d586bbab864ae732269)",
 "sgx_tse",
 "sgx_types 1.1.3 (git+https://github.com/apache/teaclave-sgx-sdk.git?rev=a37ffb9449ba6d5b6e4a9d586bbab864ae732269)",
]

[[package]]
name = "sgx_tstd"
version = "1.1.3"
source = "git+https://github.com/apache/teaclave-sgx-sdk.git?rev=a37ffb9449ba6d5b6e4a9d586bbab864ae732269#a37ffb9449ba6d5b6e4a9d586bbab864ae732269"
dependencies = [
 "hashbrown_tstd 0.9.0 (git+https://github.com/apache/teaclave-sgx-sdk.git?rev=a37ffb9449ba6d5b6e4a9d586bbab864ae732269)",
 "sgx_alloc 1.1.3 (git+https://github.com/apache/teaclave-sgx-sdk.git?rev=a37ffb9449ba6d5b6e4a9d586bbab864ae732269)",
 "sgx_backtrace_sys 1.1.3 (git+https://github.com/apache/teaclave-sgx-sdk.git?rev=a37ffb9449ba6d5b6e4a9d586bbab864ae732269)",
 "sgx_demangle 1.1.3 (git+https://github.com/apache/teaclave-sgx-sdk.git?rev=a37ffb9449ba6d5b6e4a9d586bbab864ae732269)",
 "sgx_libc 1.1.3 (git+https://github.com/apache/teaclave-sgx-sdk.git?rev=a37ffb9449ba6d5b6e4a9d586bbab864ae732269)",
 "sgx_tprotected_fs 1.1.3 (git+https://github.com/apache/teaclave-sgx-sdk.git?rev=a37ffb9449ba6d5b6e4a9d586bbab864ae732269)",
 "sgx_trts 1.1.3 (git+https://github.com/apache/teaclave-sgx-sdk.git?rev=a37ffb9449ba6d5b6e4a9d586bbab864ae732269)",
 "sgx_types 1.1.3 (git+https://github.com/apache/teaclave-sgx-sdk.git?rev=a37ffb9449ba6d5b6e4a9d586bbab864ae732269)",
 "sgx_unwind 0.1.1 (git+https://github.com/apache/teaclave-sgx-sdk.git?rev=a37ffb9449ba6d5b6e4a9d586bbab864ae732269)",
]

[[package]]
name = "sgx_tstd"
version = "1.1.3"
source = "git+https://github.com/apache/teaclave-sgx-sdk.git?rev=v1.1.3#a6a172e652b4db4eaa17e4faa078fda8922abdd0"
dependencies = [
 "hashbrown_tstd 0.9.0 (git+https://github.com/apache/teaclave-sgx-sdk.git?rev=v1.1.3)",
 "sgx_alloc 1.1.3 (git+https://github.com/apache/teaclave-sgx-sdk.git?rev=v1.1.3)",
 "sgx_backtrace_sys 1.1.3 (git+https://github.com/apache/teaclave-sgx-sdk.git?rev=v1.1.3)",
 "sgx_demangle 1.1.3 (git+https://github.com/apache/teaclave-sgx-sdk.git?rev=v1.1.3)",
 "sgx_libc 1.1.3 (git+https://github.com/apache/teaclave-sgx-sdk.git?rev=v1.1.3)",
 "sgx_tprotected_fs 1.1.3 (git+https://github.com/apache/teaclave-sgx-sdk.git?rev=v1.1.3)",
 "sgx_trts 1.1.3 (git+https://github.com/apache/teaclave-sgx-sdk.git?rev=v1.1.3)",
 "sgx_types 1.1.3 (git+https://github.com/apache/teaclave-sgx-sdk.git?rev=v1.1.3)",
 "sgx_unwind 0.1.1 (git+https://github.com/apache/teaclave-sgx-sdk.git?rev=v1.1.3)",
]

[[package]]
name = "sgx_types"
version = "1.1.3"
source = "git+https://github.com/apache/teaclave-sgx-sdk.git?rev=a37ffb9449ba6d5b6e4a9d586bbab864ae732269#a37ffb9449ba6d5b6e4a9d586bbab864ae732269"

[[package]]
name = "sgx_types"
version = "1.1.3"
source = "git+https://github.com/apache/teaclave-sgx-sdk.git?rev=v1.1.3#a6a172e652b4db4eaa17e4faa078fda8922abdd0"

[[package]]
name = "sgx_unwind"
version = "0.1.1"
source = "git+https://github.com/apache/teaclave-sgx-sdk.git?rev=a37ffb9449ba6d5b6e4a9d586bbab864ae732269#a37ffb9449ba6d5b6e4a9d586bbab864ae732269"
dependencies = [
 "sgx_build_helper 0.1.3 (git+https://github.com/apache/teaclave-sgx-sdk.git?rev=a37ffb9449ba6d5b6e4a9d586bbab864ae732269)",
]

[[package]]
name = "sgx_unwind"
version = "0.1.1"
source = "git+https://github.com/apache/teaclave-sgx-sdk.git?rev=v1.1.3#a6a172e652b4db4eaa17e4faa078fda8922abdd0"
dependencies = [
 "sgx_build_helper 0.1.3 (git+https://github.com/apache/teaclave-sgx-sdk.git?rev=v1.1.3)",
]

[[package]]
name = "sha2"
version = "0.8.2"
source = "registry+https://github.com/rust-lang/crates.io-index"
checksum = "a256f46ea78a0c0d9ff00077504903ac881a1dafdc20da66545699e7776b3e69"
dependencies = [
 "block-buffer 0.7.3",
 "digest 0.8.1",
 "fake-simd",
 "opaque-debug 0.2.3",
]

[[package]]
name = "spin"
version = "0.5.2"
source = "registry+https://github.com/rust-lang/crates.io-index"
checksum = "6e63cff320ae2c57904679ba7cb63280a3dc4613885beafb148ee7bf9aa9042d"

[[package]]
name = "subtle"
version = "2.4.1"
source = "registry+https://github.com/rust-lang/crates.io-index"
checksum = "6bdef32e8150c2a081110b42772ffe7d7c9032b606bc226c8260fd97e0976601"

[[package]]
name = "syn"
version = "1.0.81"
source = "registry+https://github.com/rust-lang/crates.io-index"
checksum = "f2afee18b8beb5a596ecb4a2dce128c719b4ba399d34126b9e4396e3f9860966"
dependencies = [
 "proc-macro2",
 "quote",
 "unicode-xid",
]

[[package]]
name = "synstructure"
version = "0.12.6"
source = "registry+https://github.com/rust-lang/crates.io-index"
checksum = "f36bdaa60a83aca3921b5259d5400cbf5e90fc51931376a9bd4a0eb79aa7210f"
dependencies = [
 "proc-macro2",
 "quote",
 "syn",
 "unicode-xid",
]

[[package]]
name = "tempfile"
version = "3.2.0"
source = "registry+https://github.com/rust-lang/crates.io-index"
checksum = "dac1c663cfc93810f88aed9b8941d48cabf856a1b111c29a40439018d870eb22"
dependencies = [
 "cfg-if",
 "libc",
 "rand",
 "redox_syscall",
 "remove_dir_all",
 "winapi",
]

[[package]]
name = "typenum"
version = "1.14.0"
source = "registry+https://github.com/rust-lang/crates.io-index"
checksum = "b63708a265f51345575b27fe43f9500ad611579e764c79edbc2037b1121959ec"

[[package]]
name = "ucd-trie"
version = "0.1.3"
source = "registry+https://github.com/rust-lang/crates.io-index"
checksum = "56dee185309b50d1f11bfedef0fe6d036842e3fb77413abef29f8f8d1c5d4c1c"

[[package]]
name = "unicode-xid"
version = "0.2.2"
source = "registry+https://github.com/rust-lang/crates.io-index"
checksum = "8ccb82d61f80a663efe1f787a51b16b5a51e3314d6ac365b08639f52387b33f3"

[[package]]
name = "untrusted"
version = "0.7.1"
source = "registry+https://github.com/rust-lang/crates.io-index"
checksum = "a156c684c91ea7d62626509bce3cb4e1d9ed5c4d978f7b4352658f96a4c26b4a"

[[package]]
name = "uuid"
version = "0.8.2"
source = "registry+https://github.com/rust-lang/crates.io-index"
checksum = "bc5cf98d8186244414c848017f0e2676b3fcb46807f6668a97dfe67359a3c4b7"

[[package]]
name = "version_check"
version = "0.9.3"
source = "registry+https://github.com/rust-lang/crates.io-index"
checksum = "5fecdca9a5291cc2b8dcf7dc02453fee791a280f3743cb0905f8822ae463b3fe"

[[package]]
name = "wasi"
version = "0.10.2+wasi-snapshot-preview1"
source = "registry+https://github.com/rust-lang/crates.io-index"
checksum = "fd6fbd9a79829dd1ad0cc20627bf1ed606756a7f77edff7b66b7064f9cb327c6"

[[package]]
name = "wasmi"
version = "0.6.2"
source = "git+https://github.com/paritytech/wasmi?rev=84d2764594d80425373bf4949a58fa3df3d624c3#84d2764594d80425373bf4949a58fa3df3d624c3"
dependencies = [
 "downcast-rs",
 "libm",
 "memory_units",
 "num-rational 0.2.4",
 "num-traits 0.2.14",
 "parity-wasm",
 "wasmi-validation",
]

[[package]]
name = "wasmi-runtime"
version = "0.1.0"
dependencies = [
 "aes-siv",
 "base64 0.13.0 (git+https://github.com/mesalock-linux/rust-base64-sgx?rev=dc7389e10817b078f289386b3b6a852ab6c4c021)",
 "bech32",
 "bit-vec",
 "chrono",
 "ctor",
 "derive_more",
 "dirs",
 "enclave-ffi-types",
 "hex",
 "httparse",
 "itertools",
 "lazy_static",
 "log",
 "lru",
 "num-bigint",
 "parity-wasm",
 "prost",
 "protobuf",
 "protoc-rust",
 "pwasm-utils",
 "ring",
 "ripemd160",
 "rust-base58",
 "rustls",
 "secp256k1",
 "serde",
 "serde_json",
 "sgx_edl",
 "sgx_rand",
 "sgx_tcrypto",
 "sgx_trts 1.1.3 (git+https://github.com/apache/teaclave-sgx-sdk.git?rev=a37ffb9449ba6d5b6e4a9d586bbab864ae732269)",
 "sgx_tse",
 "sgx_tseal",
 "sgx_tstd 1.1.3 (git+https://github.com/apache/teaclave-sgx-sdk.git?rev=a37ffb9449ba6d5b6e4a9d586bbab864ae732269)",
 "sgx_types 1.1.3 (git+https://github.com/apache/teaclave-sgx-sdk.git?rev=a37ffb9449ba6d5b6e4a9d586bbab864ae732269)",
 "sha2",
 "uuid",
 "wasmi",
 "webpki",
 "webpki-roots",
 "x25519-dalek",
 "yasna",
]

[[package]]
name = "wasmi-validation"
version = "0.3.0"
source = "git+https://github.com/paritytech/wasmi?rev=84d2764594d80425373bf4949a58fa3df3d624c3#84d2764594d80425373bf4949a58fa3df3d624c3"
dependencies = [
 "parity-wasm",
]

[[package]]
name = "webpki"
version = "0.21.4"
source = "git+https://github.com/mesalock-linux/webpki?branch=mesalock_sgx#8dbe6fbeefadf05582ae47c7fa818b04db49c61e"
dependencies = [
 "ring",
 "sgx_tstd 1.1.3 (git+https://github.com/apache/teaclave-sgx-sdk.git?rev=v1.1.3)",
 "untrusted",
]

[[package]]
name = "webpki-roots"
version = "0.21.0"
source = "git+https://github.com/mesalock-linux/webpki-roots?rev=6ff3be547ac13ccd46ae55605ad6506ce30688ef#6ff3be547ac13ccd46ae55605ad6506ce30688ef"
dependencies = [
 "sgx_tstd 1.1.3 (git+https://github.com/apache/teaclave-sgx-sdk.git?rev=v1.1.3)",
 "webpki",
]

[[package]]
name = "which"
version = "4.2.2"
source = "registry+https://github.com/rust-lang/crates.io-index"
checksum = "ea187a8ef279bc014ec368c27a920da2024d2a711109bfbe3440585d5cf27ad9"
dependencies = [
 "either",
 "lazy_static",
 "libc",
]

[[package]]
name = "winapi"
version = "0.3.9"
source = "registry+https://github.com/rust-lang/crates.io-index"
checksum = "5c839a674fcd7a98952e593242ea400abe93992746761e38641405d28b00f419"
dependencies = [
 "winapi-i686-pc-windows-gnu",
 "winapi-x86_64-pc-windows-gnu",
]

[[package]]
name = "winapi-i686-pc-windows-gnu"
version = "0.4.0"
source = "registry+https://github.com/rust-lang/crates.io-index"
checksum = "ac3b87c63620426dd9b991e5ce0329eff545bccbbb34f3be09ff6fb6ab51b7b6"

[[package]]
name = "winapi-x86_64-pc-windows-gnu"
version = "0.4.0"
source = "registry+https://github.com/rust-lang/crates.io-index"
checksum = "712e227841d057c1ee1cd2fb22fa7e5a5461ae8e48fa2ca79ec42cfc1931183f"

[[package]]
name = "x25519-dalek"
version = "1.2.0"
source = "registry+https://github.com/rust-lang/crates.io-index"
checksum = "2392b6b94a576b4e2bf3c5b2757d63f10ada8020a2e4d08ac849ebcf6ea8e077"
dependencies = [
 "curve25519-dalek",
 "rand_core 0.5.1",
 "zeroize",
]

[[package]]
name = "yasna"
version = "0.3.1"
source = "git+https://github.com/mesalock-linux/yasna.rs-sgx?rev=a1f50714cd3eb29608ecf7888cacedc173edfdb2#a1f50714cd3eb29608ecf7888cacedc173edfdb2"
dependencies = [
 "bit-vec",
 "chrono",
 "num-bigint",
 "sgx_tstd 1.1.3 (git+https://github.com/apache/teaclave-sgx-sdk.git?rev=v1.1.3)",
]

[[package]]
name = "zeroize"
version = "1.3.0"
source = "git+https://github.com/enigmampc/zeroize?rev=b8488228e3fdacbfdb3ea8a6117919871637d111#b8488228e3fdacbfdb3ea8a6117919871637d111"
dependencies = [
 "zeroize_derive",
]

[[package]]
name = "zeroize_derive"
version = "1.0.1"
source = "git+https://github.com/enigmampc/zeroize?tag=zeroize_derive/v1.0.1#c64dca0efef76cb858605581d261d3223b237231"
dependencies = [
 "proc-macro2",
 "quote",
 "syn",
 "synstructure",
]
