# This file is automatically @generated by Cargo.
# It is not intended for manual editing.
[[package]]
name = "aead"
version = "0.2.0"
source = "registry+https://github.com/rust-lang/crates.io-index"
checksum = "4cf01b9b56e767bb57b94ebf91a58b338002963785cdd7013e21c0d4679471e4"
dependencies = [
 "generic-array 0.12.3",
]

[[package]]
name = "aes"
version = "0.3.2"
source = "registry+https://github.com/rust-lang/crates.io-index"
checksum = "54eb1d8fe354e5fc611daf4f2ea97dd45a765f4f1e4512306ec183ae2e8f20c9"
dependencies = [
 "aes-soft",
 "aesni",
 "block-cipher-trait",
]

[[package]]
name = "aes-siv"
version = "0.2.0"
source = "registry+https://github.com/rust-lang/crates.io-index"
checksum = "34eed13dc1be5d8c2a5a1f40e166bd9308b7cc41cc53a30f42d6c9ff21828cbb"
dependencies = [
 "aead",
 "aes",
 "cmac",
 "crypto-mac",
 "ctr",
 "dbl",
 "stream-cipher",
 "zeroize",
]

[[package]]
name = "aes-soft"
version = "0.3.3"
source = "registry+https://github.com/rust-lang/crates.io-index"
checksum = "cfd7e7ae3f9a1fb5c03b389fc6bb9a51400d0c13053f0dca698c832bfd893a0d"
dependencies = [
 "block-cipher-trait",
 "byteorder",
 "opaque-debug 0.2.3",
]

[[package]]
name = "aesni"
version = "0.6.0"
source = "registry+https://github.com/rust-lang/crates.io-index"
checksum = "2f70a6b5f971e473091ab7cfb5ffac6cde81666c4556751d8d5620ead8abf100"
dependencies = [
 "block-cipher-trait",
 "opaque-debug 0.2.3",
]

[[package]]
name = "anyhow"
version = "1.0.28"
source = "git+https://github.com/mesalock-linux/anyhow-sgx#9b7763f58b5dedc11f388ea9a0072049c309e27d"

[[package]]
name = "autocfg"
version = "0.1.7"
source = "registry+https://github.com/rust-lang/crates.io-index"
checksum = "1d49d90015b3c36167a20fe2810c5cd875ad504b39cff3d4eae7977e6b7c1cb2"

[[package]]
name = "autocfg"
version = "1.0.1"
source = "registry+https://github.com/rust-lang/crates.io-index"
checksum = "cdb031dd78e28731d87d56cc8ffef4a8f36ca26c38fe2de700543e627f8a464a"

[[package]]
name = "base64"
version = "0.13.0"
source = "git+https://github.com/mesalock-linux/rust-base64-sgx?rev=sgx_1.1.3#dc7389e10817b078f289386b3b6a852ab6c4c021"
dependencies = [
 "sgx_tstd",
]

[[package]]
name = "base64"
version = "0.13.0"
source = "git+https://github.com/mesalock-linux/rust-base64-sgx#dc7389e10817b078f289386b3b6a852ab6c4c021"
dependencies = [
 "sgx_tstd",
]

[[package]]
name = "bech32"
version = "0.7.2"
source = "registry+https://github.com/rust-lang/crates.io-index"
checksum = "cdcf67bb7ba7797a081cd19009948ab533af7c355d5caf1d08c777582d351e9c"

[[package]]
name = "bit-vec"
version = "0.6.3"
source = "registry+https://github.com/rust-lang/crates.io-index"
checksum = "349f9b6a179ed607305526ca489b34ad0a41aed5f7980fa90eb03160b69598fb"

[[package]]
name = "block-buffer"
version = "0.7.3"
source = "registry+https://github.com/rust-lang/crates.io-index"
checksum = "c0940dc441f31689269e10ac70eb1002a3a1d3ad1390e030043662eb7fe4688b"
dependencies = [
 "block-padding",
 "byte-tools",
 "byteorder",
 "generic-array 0.12.3",
]

[[package]]
name = "block-buffer"
version = "0.9.0"
source = "registry+https://github.com/rust-lang/crates.io-index"
checksum = "4152116fd6e9dadb291ae18fc1ec3575ed6d84c29642d97890f4b4a3417297e4"
dependencies = [
 "generic-array 0.14.4",
]

[[package]]
name = "block-cipher-trait"
version = "0.6.2"
source = "registry+https://github.com/rust-lang/crates.io-index"
checksum = "1c924d49bd09e7c06003acda26cd9742e796e34282ec6c1189404dee0c1f4774"
dependencies = [
 "generic-array 0.12.3",
]

[[package]]
name = "block-padding"
version = "0.1.5"
source = "registry+https://github.com/rust-lang/crates.io-index"
checksum = "fa79dedbb091f449f1f39e53edf88d5dbe95f895dae6135a8d7b881fb5af73f5"
dependencies = [
 "byte-tools",
]

[[package]]
name = "byte-tools"
version = "0.3.1"
source = "registry+https://github.com/rust-lang/crates.io-index"
checksum = "e3b5ca7a04898ad4bcd41c90c5285445ff5b791899bb1b0abdd2a2aa791211d7"

[[package]]
name = "byteorder"
version = "1.3.4"
source = "registry+https://github.com/rust-lang/crates.io-index"
checksum = "08c48aae112d48ed9f069b33538ea9e3e90aa263cfa3d1c24309612b1f7472de"

[[package]]
name = "bytes"
version = "0.5.4"
source = "git+https://github.com/mesalock-linux/bytes-sgx#63d1951a35f2e888696aba3796aac45214e727ec"
dependencies = [
 "sgx_tstd",
]

[[package]]
name = "cc"
version = "1.0.66"
source = "registry+https://github.com/rust-lang/crates.io-index"
checksum = "4c0496836a84f8d0495758516b8621a622beb77c0fed418570e50764093ced48"

[[package]]
name = "cfg-if"
version = "0.1.10"
source = "registry+https://github.com/rust-lang/crates.io-index"
checksum = "4785bdd1c96b2a846b2bd7cc02e86b6b3dbf14e7e53446c4f54c92a361040822"

[[package]]
name = "chrono"
version = "0.4.11"
source = "git+https://github.com/mesalock-linux/chrono-sgx#f964ae7f5f65bd2c9cd6f44a067e7980afc08ca0"
dependencies = [
 "num-integer 0.1.41",
 "num-traits 0.2.10",
 "sgx_tstd",
]

[[package]]
name = "cmac"
version = "0.2.0"
source = "registry+https://github.com/rust-lang/crates.io-index"
checksum = "6f4a435124bcc292eba031f1f725d7abacdaf13cbf9f935450e8c45aa9e96cad"
dependencies = [
 "block-cipher-trait",
 "crypto-mac",
 "dbl",
]

[[package]]
name = "crypto-mac"
version = "0.7.0"
source = "registry+https://github.com/rust-lang/crates.io-index"
checksum = "4434400df11d95d556bac068ddfedd482915eb18fe8bea89bc80b6e4b1c179e5"
dependencies = [
 "generic-array 0.12.3",
 "subtle 1.0.0",
]

[[package]]
name = "ctor"
version = "0.1.16"
source = "registry+https://github.com/rust-lang/crates.io-index"
checksum = "7fbaabec2c953050352311293be5c6aba8e141ba19d6811862b232d6fd020484"
dependencies = [
 "quote",
 "syn",
]

[[package]]
name = "ctr"
version = "0.3.2"
source = "registry+https://github.com/rust-lang/crates.io-index"
checksum = "022cd691704491df67d25d006fe8eca083098253c4d43516c2206479c58c6736"
dependencies = [
 "block-cipher-trait",
 "stream-cipher",
]

[[package]]
name = "curve25519-dalek"
version = "2.1.0"
source = "registry+https://github.com/rust-lang/crates.io-index"
checksum = "5d85653f070353a16313d0046f173f70d1aadd5b42600a14de626f0dfb3473a5"
dependencies = [
 "byteorder",
 "digest 0.8.1",
 "rand_core",
 "subtle 2.4.0",
 "zeroize",
]

[[package]]
name = "dbl"
version = "0.2.1"
source = "registry+https://github.com/rust-lang/crates.io-index"
checksum = "28dc203b75decc900220c4d9838e738d08413e663c26826ba92b669bed1d0795"
dependencies = [
 "generic-array 0.12.3",
]

[[package]]
name = "derive_more"
version = "0.99.11"
source = "registry+https://github.com/rust-lang/crates.io-index"
checksum = "41cb0e6161ad61ed084a36ba71fbba9e3ac5aee3606fb607fe08da6acbcf3d8c"
dependencies = [
 "proc-macro2",
 "quote",
 "syn",
]

[[package]]
name = "digest"
version = "0.8.1"
source = "registry+https://github.com/rust-lang/crates.io-index"
checksum = "f3d0c8c8752312f9713efd397ff63acb9f85585afbf179282e720e7704954dd5"
dependencies = [
 "generic-array 0.12.3",
]

[[package]]
name = "digest"
version = "0.9.0"
source = "registry+https://github.com/rust-lang/crates.io-index"
checksum = "d3dd60d1080a57a05ab032377049e0591415d2b31afd7028356dbf3cc6dcb066"
dependencies = [
 "generic-array 0.14.4",
]

[[package]]
name = "downcast-rs"
version = "1.2.0"
source = "registry+https://github.com/rust-lang/crates.io-index"
checksum = "9ea835d29036a4087793836fa931b08837ad5e957da9e23886b29586fb9b6650"

[[package]]
name = "either"
version = "1.6.1"
source = "registry+https://github.com/rust-lang/crates.io-index"
checksum = "e78d4f1cc4ae33bbfc157ed5d5a5ef3bc29227303d595861deb238fcec4e9457"

[[package]]
name = "enclave-ffi-types"
version = "0.1.0"
dependencies = [
 "derive_more",
]

[[package]]
name = "fake-simd"
version = "0.1.2"
source = "registry+https://github.com/rust-lang/crates.io-index"
checksum = "e88a8acf291dafb59c2d96e8f59828f3838bb1a70398823ade51a84de6a6deed"

[[package]]
name = "generic-array"
version = "0.12.3"
source = "registry+https://github.com/rust-lang/crates.io-index"
checksum = "c68f0274ae0e023facc3c97b2e00f076be70e254bc851d972503b328db79b2ec"
dependencies = [
 "typenum",
]

[[package]]
name = "generic-array"
version = "0.14.4"
source = "registry+https://github.com/rust-lang/crates.io-index"
checksum = "501466ecc8a30d1d3b7fc9229b122b2ce8ed6e9d9223f1138d4babb253e51817"
dependencies = [
 "typenum",
 "version_check",
]

[[package]]
name = "hashbrown_tstd"
version = "0.9.0"
source = "git+https://github.com/apache/teaclave-sgx-sdk.git?rev=v1.1.3#a6a172e652b4db4eaa17e4faa078fda8922abdd0"

[[package]]
name = "hex"
version = "0.4.2"
source = "registry+https://github.com/rust-lang/crates.io-index"
checksum = "644f9158b2f133fd50f5fb3242878846d9eb792e445c893805ff0e3824006e35"

[[package]]
name = "httparse"
version = "1.3.4"
source = "registry+https://github.com/rust-lang/crates.io-index"
checksum = "cd179ae861f0c2e53da70d892f5f3029f9594be0c41dc5269cd371691b1dc2f9"

[[package]]
name = "itertools"
version = "0.8.2"
source = "registry+https://github.com/rust-lang/crates.io-index"
checksum = "f56a2d0bc861f9165be4eb3442afd3c236d8a98afd426f65d92324ae1091a484"
dependencies = [
 "either",
]

[[package]]
name = "itoa"
version = "0.4.5"
source = "git+https://github.com/mesalock-linux/itoa-sgx#295ee451f5ec74f25c299552b481beb445ea3eb7"
dependencies = [
 "sgx_tstd",
]

[[package]]
name = "lazy_static"
version = "1.4.0"
source = "registry+https://github.com/rust-lang/crates.io-index"
checksum = "e2abad23fbc42b3700f2f279844dc832adb2b2eb069b2df918f455c4e18cc646"

[[package]]
name = "libm"
version = "0.1.4"
source = "registry+https://github.com/rust-lang/crates.io-index"
checksum = "7fc7aa29613bd6a620df431842069224d8bc9011086b1db4c0e0cd47fa03ec9a"

[[package]]
name = "log"
version = "0.4.11"
source = "registry+https://github.com/rust-lang/crates.io-index"
checksum = "4fabed175da42fed1fa0746b0ea71f412aa9d35e76e95e59b192c64b9dc2bf8b"
dependencies = [
 "cfg-if",
]

[[package]]
name = "memory_units"
version = "0.3.0"
source = "registry+https://github.com/rust-lang/crates.io-index"
checksum = "71d96e3f3c0b6325d8ccd83c33b28acb183edcb6c67938ba104ec546854b0882"

[[package]]
name = "num"
version = "0.2.0"
source = "git+https://github.com/mesalock-linux/num-sgx#22645415542cc67551890dfdd34f4d5638b9ec78"
dependencies = [
 "num-bigint",
 "num-complex",
 "num-integer 0.1.41",
 "num-iter",
 "num-rational 0.2.2",
 "num-traits 0.2.10",
]

[[package]]
name = "num-bigint"
version = "0.2.5"
source = "git+https://github.com/mesalock-linux/num-bigint-sgx#76a5bed94dc31c32bd1670dbf72877abcf9bbc09"
dependencies = [
 "autocfg 1.0.1",
 "num-integer 0.1.41",
 "num-traits 0.2.10",
 "sgx_tstd",
]

[[package]]
name = "num-complex"
version = "0.2.3"
source = "git+https://github.com/mesalock-linux/num-complex-sgx#19700ad6de079ebc5560db472c282d1591e0d84f"
dependencies = [
 "autocfg 0.1.7",
 "num-traits 0.2.10",
 "sgx_tstd",
]

[[package]]
name = "num-integer"
version = "0.1.41"
source = "git+https://github.com/mesalock-linux/num-integer-sgx#404c50e5378ca635261688b080dee328ff42b6bd"
dependencies = [
 "autocfg 0.1.7",
 "num-traits 0.2.10",
 "sgx_tstd",
]

[[package]]
name = "num-integer"
version = "0.1.44"
source = "registry+https://github.com/rust-lang/crates.io-index"
checksum = "d2cc698a63b549a70bc047073d2949cce27cd1c7b0a4a862d08a8031bc2801db"
dependencies = [
 "autocfg 1.0.1",
 "num-traits 0.2.14",
]

[[package]]
name = "num-iter"
version = "0.1.39"
source = "git+https://github.com/mesalock-linux/num-iter-sgx#f19fc44fcad0b82a040e5a24c511e5049cc04b60"
dependencies = [
 "num-integer 0.1.41",
 "num-traits 0.2.10",
 "sgx_tstd",
]

[[package]]
name = "num-rational"
version = "0.2.2"
source = "git+https://github.com/mesalock-linux/num-rational-sgx#be65f9ce439f3c9ec850d8041635ab6c3309b816"
dependencies = [
 "autocfg 0.1.7",
 "num-bigint",
 "num-integer 0.1.41",
 "num-traits 0.2.10",
 "sgx_tstd",
]

[[package]]
name = "num-rational"
version = "0.2.4"
source = "registry+https://github.com/rust-lang/crates.io-index"
checksum = "5c000134b5dbf44adc5cb772486d335293351644b801551abe8f75c84cfa4aef"
dependencies = [
 "autocfg 1.0.1",
 "num-integer 0.1.44",
 "num-traits 0.2.14",
]

[[package]]
name = "num-traits"
version = "0.2.10"
source = "git+https://github.com/mesalock-linux/num-traits-sgx#af046e0b15c594c960007418097dd4ff37ec3f7a"
dependencies = [
 "autocfg 0.1.7",
 "sgx_tstd",
]

[[package]]
name = "num-traits"
version = "0.2.14"
source = "registry+https://github.com/rust-lang/crates.io-index"
checksum = "9a64b1ec5cda2586e284722486d802acf1f7dbdc623e2bfc57e65ca1cd099290"
dependencies = [
 "autocfg 1.0.1",
]

[[package]]
name = "opaque-debug"
version = "0.2.3"
source = "registry+https://github.com/rust-lang/crates.io-index"
checksum = "2839e79665f131bdb5782e51f2c6c9599c133c6098982a54c794358bf432529c"

[[package]]
name = "opaque-debug"
version = "0.3.0"
source = "registry+https://github.com/rust-lang/crates.io-index"
checksum = "624a8340c38c1b80fd549087862da4ba43e08858af025b236e509b6649fc13d5"

[[package]]
name = "parity-wasm"
version = "0.41.0"
source = "registry+https://github.com/rust-lang/crates.io-index"
checksum = "ddfc878dac00da22f8f61e7af3157988424567ab01d9920b962ef7dcbd7cd865"

[[package]]
name = "proc-macro2"
version = "1.0.24"
source = "registry+https://github.com/rust-lang/crates.io-index"
checksum = "1e0704ee1a7e00d7bb417d0770ea303c1bccbabf0ef1667dae92b5967f5f8a71"
dependencies = [
 "unicode-xid",
]

[[package]]
name = "prost"
version = "0.6.1"
source = "git+https://github.com/mesalock-linux/prost-sgx?rev=sgx_1.1.3#cd3103a6d45cf7a43b6c1c5e4223428097d1c547"
dependencies = [
 "bytes",
 "prost-derive",
]

[[package]]
name = "prost-derive"
version = "0.6.1"
source = "git+https://github.com/mesalock-linux/prost-sgx?rev=sgx_1.1.3#cd3103a6d45cf7a43b6c1c5e4223428097d1c547"
dependencies = [
 "anyhow",
 "itertools",
 "proc-macro2",
 "quote",
 "syn",
]

[[package]]
name = "pwasm-utils"
version = "0.12.0"
source = "registry+https://github.com/rust-lang/crates.io-index"
checksum = "4f7a12f176deee919f4ba55326ee17491c8b707d0987aed822682c821b660192"
dependencies = [
 "byteorder",
 "log",
 "parity-wasm",
]

[[package]]
name = "quote"
version = "1.0.7"
source = "registry+https://github.com/rust-lang/crates.io-index"
checksum = "aa563d17ecb180e500da1cfd2b028310ac758de548efdd203e18f283af693f37"
dependencies = [
 "proc-macro2",
]

[[package]]
name = "rand_core"
version = "0.5.1"
source = "git+https://github.com/mesalock-linux/rand-sgx#83583f073de3b4f75c3c3ef5e174d484ed941f85"

[[package]]
name = "ring"
version = "0.16.19"
source = "git+https://github.com/mesalock-linux/ring-sgx?tag=v0.16.5#844efe271ed78a399d803b2579f5f2424d543c9f"
dependencies = [
 "cc",
 "sgx_tstd",
 "spin",
 "untrusted",
]

[[package]]
name = "ripemd160"
version = "0.9.1"
source = "registry+https://github.com/rust-lang/crates.io-index"
checksum = "2eca4ecc81b7f313189bf73ce724400a07da2a6dac19588b03c8bd76a2dcc251"
dependencies = [
 "block-buffer 0.9.0",
 "digest 0.9.0",
 "opaque-debug 0.3.0",
]

[[package]]
name = "rust-base58"
version = "0.0.4"
source = "git+https://github.com/mesalock-linux/rust-base58-sgx?rev=sgx_1.1.3#13fb3e0a543690e6e19332f37ba85fd74c56cb2f"
dependencies = [
 "num",
 "sgx_tstd",
]

[[package]]
name = "rustls"
version = "0.19.0"
source = "git+https://github.com/mesalock-linux/rustls?rev=sgx_1.1.3#95b5e79dc24b02f3ce424437eb9698509d0baf58"
dependencies = [
 "base64 0.13.0 (git+https://github.com/mesalock-linux/rust-base64-sgx)",
 "ring",
 "sct",
 "sgx_tstd",
 "webpki",
]

[[package]]
name = "ryu"
version = "1.0.5"
source = "registry+https://github.com/rust-lang/crates.io-index"
checksum = "71d301d4193d031abdd79ff7e3dd721168a9572ef3fe51a1517aba235bd8f86e"

[[package]]
name = "sct"
version = "0.6.0"
source = "git+https://github.com/mesalock-linux/sct.rs?branch=mesalock_sgx#c4d859cca232e6c9d88ca12048df3bc26e1ed4ad"
dependencies = [
 "ring",
 "sgx_tstd",
 "untrusted",
]

[[package]]
name = "secp256k1"
version = "0.19.0"
source = "registry+https://github.com/rust-lang/crates.io-index"
checksum = "c6179428c22c73ac0fbb7b5579a56353ce78ba29759b3b8575183336ea74cdfb"
dependencies = [
 "secp256k1-sys",
]

[[package]]
name = "secp256k1-sys"
version = "0.3.0"
source = "registry+https://github.com/rust-lang/crates.io-index"
checksum = "11553d210db090930f4432bea123b31f70bbf693ace14504ea2a35e796c28dd2"
dependencies = [
 "cc",
]

[[package]]
name = "serde"
version = "1.0.118"
source = "git+https://github.com/mesalock-linux/serde-sgx#db0226f1d5d70fca6b96af2c285851502204e21c"
dependencies = [
 "serde_derive",
 "sgx_tstd",
]

[[package]]
name = "serde_derive"
version = "1.0.118"
source = "git+https://github.com/mesalock-linux/serde-sgx#db0226f1d5d70fca6b96af2c285851502204e21c"
dependencies = [
 "proc-macro2",
 "quote",
 "syn",
]

[[package]]
name = "serde_json"
version = "1.0.60"
source = "git+https://github.com/mesalock-linux/serde-json-sgx#380893814ad2a057758d825bab798aa117f7362a"
dependencies = [
 "itoa",
 "ryu",
 "serde",
 "sgx_tstd",
]

[[package]]
name = "sgx_alloc"
version = "1.1.3"
source = "git+https://github.com/apache/teaclave-sgx-sdk.git?rev=v1.1.3#a6a172e652b4db4eaa17e4faa078fda8922abdd0"

[[package]]
name = "sgx_backtrace_sys"
version = "1.1.3"
source = "git+https://github.com/apache/teaclave-sgx-sdk.git?rev=v1.1.3#a6a172e652b4db4eaa17e4faa078fda8922abdd0"
dependencies = [
 "cc",
 "sgx_build_helper",
 "sgx_libc",
]

[[package]]
name = "sgx_build_helper"
version = "0.1.3"
source = "git+https://github.com/apache/teaclave-sgx-sdk.git?rev=v1.1.3#a6a172e652b4db4eaa17e4faa078fda8922abdd0"

[[package]]
name = "sgx_demangle"
version = "1.1.3"
source = "git+https://github.com/apache/teaclave-sgx-sdk.git?rev=v1.1.3#a6a172e652b4db4eaa17e4faa078fda8922abdd0"

[[package]]
name = "sgx_edl"
version = "1.1.3"
source = "git+https://github.com/apache/teaclave-sgx-sdk.git?rev=v1.1.3#a6a172e652b4db4eaa17e4faa078fda8922abdd0"

[[package]]
name = "sgx_libc"
version = "1.1.3"
source = "git+https://github.com/apache/teaclave-sgx-sdk.git?rev=v1.1.3#a6a172e652b4db4eaa17e4faa078fda8922abdd0"
dependencies = [
 "sgx_types",
]

[[package]]
name = "sgx_rand"
version = "1.1.3"
source = "git+https://github.com/apache/teaclave-sgx-sdk.git?rev=v1.1.3#a6a172e652b4db4eaa17e4faa078fda8922abdd0"
dependencies = [
 "sgx_trts",
 "sgx_tstd",
 "sgx_types",
]

[[package]]
name = "sgx_tcrypto"
version = "1.1.3"
source = "git+https://github.com/apache/teaclave-sgx-sdk.git?rev=v1.1.3#a6a172e652b4db4eaa17e4faa078fda8922abdd0"
dependencies = [
 "sgx_types",
]

[[package]]
name = "sgx_tprotected_fs"
version = "1.1.3"
source = "git+https://github.com/apache/teaclave-sgx-sdk.git?rev=v1.1.3#a6a172e652b4db4eaa17e4faa078fda8922abdd0"
dependencies = [
 "sgx_trts",
 "sgx_types",
]

[[package]]
name = "sgx_trts"
version = "1.1.3"
source = "git+https://github.com/apache/teaclave-sgx-sdk.git?rev=v1.1.3#a6a172e652b4db4eaa17e4faa078fda8922abdd0"
dependencies = [
 "sgx_libc",
 "sgx_types",
]

[[package]]
name = "sgx_tse"
version = "1.1.3"
source = "git+https://github.com/apache/teaclave-sgx-sdk.git?rev=v1.1.3#a6a172e652b4db4eaa17e4faa078fda8922abdd0"
dependencies = [
 "sgx_types",
]

[[package]]
name = "sgx_tseal"
version = "1.1.3"
source = "git+https://github.com/apache/teaclave-sgx-sdk.git?rev=v1.1.3#a6a172e652b4db4eaa17e4faa078fda8922abdd0"
dependencies = [
 "sgx_tcrypto",
 "sgx_trts",
 "sgx_tse",
 "sgx_types",
]

[[package]]
name = "sgx_tstd"
version = "1.1.3"
source = "git+https://github.com/apache/teaclave-sgx-sdk.git?rev=v1.1.3#a6a172e652b4db4eaa17e4faa078fda8922abdd0"
dependencies = [
 "hashbrown_tstd",
 "sgx_alloc",
 "sgx_backtrace_sys",
 "sgx_demangle",
 "sgx_libc",
 "sgx_tprotected_fs",
 "sgx_trts",
 "sgx_types",
 "sgx_unwind",
]

[[package]]
name = "sgx_types"
version = "1.1.3"
source = "git+https://github.com/apache/teaclave-sgx-sdk.git?rev=v1.1.3#a6a172e652b4db4eaa17e4faa078fda8922abdd0"

[[package]]
name = "sgx_unwind"
version = "0.1.1"
source = "git+https://github.com/apache/teaclave-sgx-sdk.git?rev=v1.1.3#a6a172e652b4db4eaa17e4faa078fda8922abdd0"
dependencies = [
 "sgx_build_helper",
]

[[package]]
name = "sha2"
version = "0.8.2"
source = "registry+https://github.com/rust-lang/crates.io-index"
checksum = "a256f46ea78a0c0d9ff00077504903ac881a1dafdc20da66545699e7776b3e69"
dependencies = [
 "block-buffer 0.7.3",
 "digest 0.8.1",
 "fake-simd",
 "opaque-debug 0.2.3",
]

[[package]]
name = "spin"
version = "0.5.2"
source = "registry+https://github.com/rust-lang/crates.io-index"
checksum = "6e63cff320ae2c57904679ba7cb63280a3dc4613885beafb148ee7bf9aa9042d"

[[package]]
name = "stream-cipher"
version = "0.3.2"
source = "registry+https://github.com/rust-lang/crates.io-index"
checksum = "8131256a5896cabcf5eb04f4d6dacbe1aefda854b0d9896e09cb58829ec5638c"
dependencies = [
 "generic-array 0.12.3",
]

[[package]]
name = "subtle"
version = "1.0.0"
source = "registry+https://github.com/rust-lang/crates.io-index"
checksum = "2d67a5a62ba6e01cb2192ff309324cb4875d0c451d55fe2319433abe7a05a8ee"

[[package]]
name = "subtle"
version = "2.4.0"
source = "registry+https://github.com/rust-lang/crates.io-index"
checksum = "1e81da0851ada1f3e9d4312c704aa4f8806f0f9d69faaf8df2f3464b4a9437c2"

[[package]]
name = "syn"
version = "1.0.54"
source = "registry+https://github.com/rust-lang/crates.io-index"
checksum = "9a2af957a63d6bd42255c359c93d9bfdb97076bd3b820897ce55ffbfbf107f44"
dependencies = [
 "proc-macro2",
 "quote",
 "unicode-xid",
]

[[package]]
name = "synstructure"
version = "0.12.4"
source = "registry+https://github.com/rust-lang/crates.io-index"
checksum = "b834f2d66f734cb897113e34aaff2f1ab4719ca946f9a7358dba8f8064148701"
dependencies = [
 "proc-macro2",
 "quote",
 "syn",
 "unicode-xid",
]

[[package]]
name = "typenum"
version = "1.12.0"
source = "registry+https://github.com/rust-lang/crates.io-index"
checksum = "373c8a200f9e67a0c95e62a4f52fbf80c23b4381c05a17845531982fa99e6b33"

[[package]]
name = "unicode-xid"
version = "0.2.1"
source = "registry+https://github.com/rust-lang/crates.io-index"
checksum = "f7fe0bb3479651439c9112f72b6c505038574c9fbb575ed1bf3b797fa39dd564"

[[package]]
name = "untrusted"
version = "0.7.1"
source = "registry+https://github.com/rust-lang/crates.io-index"
checksum = "a156c684c91ea7d62626509bce3cb4e1d9ed5c4d978f7b4352658f96a4c26b4a"

[[package]]
name = "uuid"
version = "0.8.1"
source = "registry+https://github.com/rust-lang/crates.io-index"
checksum = "9fde2f6a4bea1d6e007c4ad38c6839fa71cbb63b6dbf5b595aa38dc9b1093c11"

[[package]]
name = "version_check"
version = "0.9.2"
source = "registry+https://github.com/rust-lang/crates.io-index"
checksum = "b5a972e5669d67ba988ce3dc826706fb0a8b01471c088cb0b6110b805cc36aed"

[[package]]
name = "wasmi"
version = "0.6.2"
source = "git+https://github.com/paritytech/wasmi?rev=84d2764594d80425373bf4949a58fa3df3d624c3#84d2764594d80425373bf4949a58fa3df3d624c3"
dependencies = [
 "downcast-rs",
 "libm",
 "memory_units",
 "num-rational 0.2.4",
 "num-traits 0.2.14",
 "parity-wasm",
 "wasmi-validation",
]

[[package]]
name = "wasmi-runtime"
version = "0.1.0"
dependencies = [
 "aes-siv",
 "base64 0.13.0 (git+https://github.com/mesalock-linux/rust-base64-sgx?rev=sgx_1.1.3)",
 "bech32",
 "bit-vec",
 "chrono",
 "ctor",
 "derive_more",
 "enclave-ffi-types",
 "hex",
 "httparse",
 "itertools",
 "lazy_static",
 "log",
 "num-bigint",
 "parity-wasm",
 "prost",
 "pwasm-utils",
 "ring",
 "ripemd160",
 "rust-base58",
 "rustls",
 "secp256k1",
 "serde",
 "serde_json",
 "sgx_edl",
 "sgx_rand",
 "sgx_tcrypto",
 "sgx_trts",
 "sgx_tse",
 "sgx_tseal",
 "sgx_tstd",
 "sgx_types",
 "sha2",
 "uuid",
 "wasmi",
 "webpki",
 "webpki-roots",
 "x25519-dalek",
 "yasna",
]

[[package]]
name = "wasmi-validation"
version = "0.3.0"
source = "git+https://github.com/paritytech/wasmi?rev=84d2764594d80425373bf4949a58fa3df3d624c3#84d2764594d80425373bf4949a58fa3df3d624c3"
dependencies = [
 "parity-wasm",
]

[[package]]
name = "webpki"
version = "0.21.4"
source = "git+https://github.com/mesalock-linux/webpki?branch=mesalock_sgx#8dbe6fbeefadf05582ae47c7fa818b04db49c61e"
dependencies = [
 "ring",
 "sgx_tstd",
 "untrusted",
]

[[package]]
name = "webpki-roots"
version = "0.21.0"
source = "git+https://github.com/mesalock-linux/webpki-roots?rev=sgx_1.1.3#6ff3be547ac13ccd46ae55605ad6506ce30688ef"
dependencies = [
 "sgx_tstd",
 "webpki",
]

[[package]]
name = "x25519-dalek"
version = "0.6.0"
source = "registry+https://github.com/rust-lang/crates.io-index"
checksum = "637ff90c9540fa3073bb577e65033069e4bae7c79d49d74aa3ffdf5342a53217"
dependencies = [
 "curve25519-dalek",
 "rand_core",
 "zeroize",
]

[[package]]
name = "yasna"
version = "0.3.1"
source = "git+https://github.com/mesalock-linux/yasna.rs-sgx?rev=sgx_1.1.3#a1f50714cd3eb29608ecf7888cacedc173edfdb2"
dependencies = [
 "bit-vec",
 "chrono",
 "num-bigint",
 "sgx_tstd",
]

[[package]]
name = "zeroize"
version = "1.2.0"
source = "registry+https://github.com/rust-lang/crates.io-index"
checksum = "81a974bcdd357f0dca4d41677db03436324d45a4c9ed2d0b873a5a360ce41c36"
dependencies = [
 "zeroize_derive",
]

[[package]]
name = "zeroize_derive"
version = "1.0.1"
source = "registry+https://github.com/rust-lang/crates.io-index"
checksum = "c3f369ddb18862aba61aa49bf31e74d29f0f162dec753063200e1dc084345d16"
dependencies = [
 "proc-macro2",
 "quote",
 "syn",
 "synstructure",
]
