# This file is automatically @generated by Cargo.
# It is not intended for manual editing.
version = 3

[[package]]
name = "base64"
version = "0.11.0"
source = "registry+https://github.com/rust-lang/crates.io-index"
checksum = "b41b7ea54a0c9d92199de89e20e58d49f02f8e699814ef3fdf266f6f748d15c7"

[[package]]
name = "cosmwasm-std"
version = "0.10.0"
source = "git+https://github.com/enigmampc/SecretNetwork?tag=v1.0.4-debug-print#004c6bca6f2b7f31a6594abe4f44f2e41b1456b3"
dependencies = [
 "base64",
 "schemars",
 "serde",
 "serde-json-wasm",
 "snafu",
]

[[package]]
name = "cosmwasm-storage"
version = "0.10.0"
source = "git+https://github.com/enigmampc/SecretNetwork?tag=v1.0.4-debug-print#004c6bca6f2b7f31a6594abe4f44f2e41b1456b3"
dependencies = [
 "cosmwasm-std",
 "serde",
]

[[package]]
name = "doc-comment"
version = "0.3.3"
source = "registry+https://github.com/rust-lang/crates.io-index"
checksum = "fea41bba32d969b513997752735605054bc0dfa92b4c56bf1189f2e174be7a10"

[[package]]
name = "itoa"
version = "0.4.8"
source = "registry+https://github.com/rust-lang/crates.io-index"
checksum = "b71991ff56294aa922b450139ee08b3bfc70982c6b2c7562771375cf73542dd4"

[[package]]
name = "mint"
version = "0.9.0-alpha1"
dependencies = [
 "cosmwasm-std",
 "cosmwasm-storage",
 "schemars",
 "serde",
]

[[package]]
name = "proc-macro2"
version = "1.0.29"
source = "registry+https://github.com/rust-lang/crates.io-index"
checksum = "b9f5105d4fdaab20335ca9565e106a5d9b82b6219b5ba735731124ac6711d23d"
dependencies = [
 "unicode-xid",
]

[[package]]
name = "quote"
version = "1.0.9"
source = "registry+https://github.com/rust-lang/crates.io-index"
checksum = "c3d0b9745dc2debf507c8422de05d7226cc1f0644216dfdfead988f9b1ab32a7"
dependencies = [
 "proc-macro2",
]

[[package]]
name = "ryu"
version = "1.0.5"
source = "registry+https://github.com/rust-lang/crates.io-index"
checksum = "71d301d4193d031abdd79ff7e3dd721168a9572ef3fe51a1517aba235bd8f86e"

[[package]]
name = "schemars"
version = "0.7.6"
source = "registry+https://github.com/rust-lang/crates.io-index"
checksum = "be77ed66abed6954aabf6a3e31a84706bedbf93750d267e92ef4a6d90bbd6a61"
dependencies = [
 "schemars_derive",
 "serde",
 "serde_json",
]

[[package]]
name = "schemars_derive"
version = "0.7.6"
source = "registry+https://github.com/rust-lang/crates.io-index"
checksum = "11af7a475c9ee266cfaa9e303a47c830ebe072bf3101ab907a7b7b9d816fa01d"
dependencies = [
 "proc-macro2",
 "quote",
 "serde_derive_internals",
 "syn",
]

[[package]]
name = "serde"
version = "1.0.130"
source = "registry+https://github.com/rust-lang/crates.io-index"
checksum = "f12d06de37cf59146fbdecab66aa99f9fe4f78722e3607577a5375d66bd0c913"
dependencies = [
 "serde_derive",
]

[[package]]
name = "serde-json-wasm"
version = "0.2.3"
source = "registry+https://github.com/rust-lang/crates.io-index"
checksum = "120bad73306616e91acd7ceed522ba96032a51cffeef3cc813de7f367df71e37"
dependencies = [
 "serde",
]

[[package]]
name = "serde_derive"
version = "1.0.130"
source = "registry+https://github.com/rust-lang/crates.io-index"
checksum = "d7bc1a1ab1961464eae040d96713baa5a724a8152c1222492465b54322ec508b"
dependencies = [
 "proc-macro2",
 "quote",
 "syn",
]

[[package]]
name = "serde_derive_internals"
version = "0.25.0"
source = "registry+https://github.com/rust-lang/crates.io-index"
checksum = "1dbab34ca63057a1f15280bdf3c39f2b1eb1b54c17e98360e511637aef7418c6"
dependencies = [
 "proc-macro2",
 "quote",
 "syn",
]

[[package]]
name = "serde_json"
version = "1.0.67"
source = "registry+https://github.com/rust-lang/crates.io-index"
checksum = "a7f9e390c27c3c0ce8bc5d725f6e4d30a29d26659494aa4b17535f7522c5c950"
dependencies = [
 "itoa",
 "ryu",
 "serde",
]

[[package]]
name = "snafu"
version = "0.6.10"
source = "registry+https://github.com/rust-lang/crates.io-index"
checksum = "eab12d3c261b2308b0d80c26fffb58d17eba81a4be97890101f416b478c79ca7"
dependencies = [
 "doc-comment",
 "snafu-derive",
]

[[package]]
name = "snafu-derive"
version = "0.6.10"
source = "registry+https://github.com/rust-lang/crates.io-index"
checksum = "1508efa03c362e23817f96cde18abed596a25219a8b2c66e8db33c03543d315b"
dependencies = [
 "proc-macro2",
 "quote",
 "syn",
]

[[package]]
name = "syn"
version = "1.0.76"
source = "registry+https://github.com/rust-lang/crates.io-index"
checksum = "c6f107db402c2c2055242dbf4d2af0e69197202e9faacbef9571bbe47f5a1b84"
dependencies = [
 "proc-macro2",
 "quote",
 "unicode-xid",
]

[[package]]
name = "unicode-xid"
version = "0.2.2"
source = "registry+https://github.com/rust-lang/crates.io-index"
checksum = "8ccb82d61f80a663efe1f787a51b16b5a51e3314d6ac365b08639f52387b33f3"
