{
  "name": "secretjs",
  "version": "0.16.3",
  "lockfileVersion": 2,
  "requires": true,
  "packages": {
    "": {
      "name": "secretjs",
      "version": "0.16.3",
      "license": "Apache-2.0",
      "dependencies": {
        "@iov/crypto": "2.1.0",
        "@iov/encoding": "2.1.0",
        "@iov/utils": "2.0.2",
        "axios": "0.21.1",
        "curve25519-js": "0.0.4",
        "fast-deep-equal": "3.1.1",
        "js-crypto-hkdf": "0.7.3",
        "miscreant": "0.3.2",
        "pako": "1.0.11",
        "secure-random": "1.1.2"
      },
      "devDependencies": {
        "@types/node-localstorage": "1.3.0",
        "@types/pako": "1.0.1",
        "@types/q": "1.5.4",
        "readonly-date": "1.0.0"
      }
    },
    "node_modules/@iov/crypto": {
      "version": "2.1.0",
      "integrity": "sha512-jnb4XuK50admolm7fBxOcxfAW2TO+wYrZlhDWiMETItY/Y5gNNa1zaDSO2wNIjjfGng+8nQ1yqnNhqy7busV2Q==",
      "dependencies": {
        "@iov/encoding": "^2.1.0",
        "bip39": "^3.0.2",
        "bn.js": "^4.11.8",
        "elliptic": "^6.4.0",
        "js-sha3": "^0.8.0",
        "libsodium-wrappers": "^0.7.6",
        "pbkdf2": "^3.0.16",
        "ripemd160": "^2.0.2",
        "sha.js": "^2.4.11",
        "type-tagger": "^1.0.0",
        "unorm": "^1.5.0"
      }
    },
    "node_modules/@iov/encoding": {
      "version": "2.1.0",
      "integrity": "sha512-5IOdLO7Xg/uRykuiCqeMYghQ3IjWDtGxv7NTWXkgpHuna0aewx43mRpT2NPCpOZd1tpuorDtQ7/zbDNRaIIF/w==",
      "dependencies": {
        "base64-js": "^1.3.0",
        "bech32": "^1.1.3",
        "bn.js": "^4.11.8",
        "readonly-date": "^1.0.0"
      }
    },
    "node_modules/@iov/utils": {
      "version": "2.0.2",
      "integrity": "sha512-4D8MEvTcFc/DVy5q25vHxRItmgJyeX85dixMH+MxdKr+yy71h3sYk+sVBEIn70uqGP7VqAJkGOPNFs08/XYELw=="
    },
    "node_modules/@types/events": {
      "version": "3.0.0",
      "resolved": "https://registry.npmjs.org/@types/events/-/events-3.0.0.tgz",
      "integrity": "sha512-EaObqwIvayI5a8dCzhFrjKzVwKLxjoG9T6Ppd5CEo07LRKfQ8Yokw54r5+Wq7FaBQ+yXRvQAYPrHwya1/UFt9g==",
      "dev": true
    },
    "node_modules/@types/node-localstorage": {
      "version": "1.3.0",
      "resolved": "https://registry.npmjs.org/@types/node-localstorage/-/node-localstorage-1.3.0.tgz",
      "integrity": "sha512-9+s5CWGhkYitklhLgnbf4s5ncCEx0An2jhBuhvw/sh9WNQ+/WvNFkPLyLjXGy+Oeo8CjPl69oz6M2FzZH+KwWA==",
      "dev": true,
      "dependencies": {
        "@types/events": "*"
      }
    },
    "node_modules/@types/pako": {
      "version": "1.0.1",
      "resolved": "https://registry.npmjs.org/@types/pako/-/pako-1.0.1.tgz",
      "integrity": "sha512-GdZbRSJ3Cv5fiwT6I0SQ3ckeN2PWNqxd26W9Z2fCK1tGrrasGy4puvNFtnddqH9UJFMQYXxEuuB7B8UK+LLwSg==",
      "dev": true
    },
    "node_modules/@types/q": {
      "version": "1.5.4",
      "resolved": "https://registry.npmjs.org/@types/q/-/q-1.5.4.tgz",
      "integrity": "sha512-1HcDas8SEj4z1Wc696tH56G8OlRaH/sqZOynNNB+HF0WOeXPaxTtbYzJY2oEfiUxjSKjhCKr+MvR7dCHcEelug==",
      "dev": true
    },
    "node_modules/axios": {
      "version": "0.21.1",
      "resolved": "https://registry.npmjs.org/axios/-/axios-0.21.1.tgz",
      "integrity": "sha512-dKQiRHxGD9PPRIUNIWvZhPTPpl1rf/OxTYKsqKUDjBwYylTvV7SjSHJb9ratfyzM6wCdLCOYLzs73qpg5c4iGA==",
      "dependencies": {
        "follow-redirects": "^1.10.0"
      }
    },
    "node_modules/base64-js": {
      "version": "1.5.1",
      "resolved": "https://registry.npmjs.org/base64-js/-/base64-js-1.5.1.tgz",
      "integrity": "sha512-AKpaYlHn8t4SVbOHCy+b5+KKgvR4vrsD8vbvrbiQJps7fKDTkjkDry6ji0rUJjC0kzbNePLwzxq8iypo41qeWA==",
      "funding": [
        {
          "type": "github",
          "url": "https://github.com/sponsors/feross"
        },
        {
          "type": "patreon",
          "url": "https://www.patreon.com/feross"
        },
        {
          "type": "consulting",
          "url": "https://feross.org/support"
        }
      ]
    },
    "node_modules/bn.js": {
      "version": "4.12.0",
      "integrity": "sha512-c98Bf3tPniI+scsdk237ku1Dc3ujXQTSgyiPUDEOe7tRkhrqridvh8klBv0HCEso1OLOYcHuCv/cS6DNxKH+ZA=="
    },
    "node_modules/buffer": {
      "version": "5.4.3",
      "resolved": "https://registry.npmjs.org/buffer/-/buffer-5.4.3.tgz",
      "integrity": "sha512-zvj65TkFeIt3i6aj5bIvJDzjjQQGs4o/sNoezg1F1kYap9Nu2jcUdpwzRSJTHMMzG0H7bZkn4rNQpImhuxWX2A==",
      "dependencies": {
        "base64-js": "^1.0.2",
        "ieee754": "^1.1.4"
      }
    },
    "node_modules/charenc": {
      "version": "0.0.2",
      "resolved": "https://registry.npmjs.org/charenc/-/charenc-0.0.2.tgz",
      "integrity": "sha1-wKHS86cJLgN3S/qD8UwPxXkKhmc=",
      "engines": {
        "node": "*"
      }
    },
    "node_modules/crypt": {
      "version": "0.0.2",
      "resolved": "https://registry.npmjs.org/crypt/-/crypt-0.0.2.tgz",
      "integrity": "sha1-iNf/fsDfuG9xPch7u0LQRNPmxBs=",
      "engines": {
        "node": "*"
      }
    },
    "node_modules/curve25519-js": {
      "version": "0.0.4",
      "resolved": "https://registry.npmjs.org/curve25519-js/-/curve25519-js-0.0.4.tgz",
      "integrity": "sha512-axn2UMEnkhyDUPWOwVKBMVIzSQy2ejH2xRGy1wq81dqRwApXfIzfbE3hIX0ZRFBIihf/KDqK158DLwESu4AK1w=="
    },
    "node_modules/fast-deep-equal": {
      "version": "3.1.1",
      "integrity": "sha512-8UEa58QDLauDNfpbrX55Q9jrGHThw2ZMdOky5Gl1CDtVeJDPVrG4Jxx1N8jw2gkWaff5UUuX1KJd+9zGe2B+ZA=="
    },
    "node_modules/follow-redirects": {
      "version": "1.14.1",
      "resolved": "https://registry.npmjs.org/follow-redirects/-/follow-redirects-1.14.1.tgz",
      "integrity": "sha512-HWqDgT7ZEkqRzBvc2s64vSZ/hfOceEol3ac/7tKwzuvEyWx3/4UegXh5oBOIotkGsObyk3xznnSRVADBgWSQVg==",
      "funding": [
        {
          "type": "individual",
          "url": "https://github.com/sponsors/RubenVerborgh"
        }
      ],
      "engines": {
        "node": ">=4.0"
      },
      "peerDependenciesMeta": {
        "debug": {
          "optional": true
        }
      }
    },
    "node_modules/hash.js": {
      "version": "1.1.7",
      "resolved": "https://registry.npmjs.org/hash.js/-/hash.js-1.1.7.tgz",
      "integrity": "sha512-taOaskGt4z4SOANNseOviYDvjEJinIkRgmp7LbKP2YTTmVxWBl87s/uzK9r+44BclBSp2X7K1hqeNfz9JbBeXA==",
      "dependencies": {
        "inherits": "^2.0.3",
        "minimalistic-assert": "^1.0.1"
      }
    },
    "node_modules/ieee754": {
      "version": "1.2.1",
      "resolved": "https://registry.npmjs.org/ieee754/-/ieee754-1.2.1.tgz",
      "integrity": "sha512-dcyqhDvX1C46lXZcVqCpK+FtMRQVdIMN6/Df5js2zouUsqG7I6sFxitIC+7KYK29KdXOLHdu9zL4sFnoVQnqaA==",
      "funding": [
        {
          "type": "github",
          "url": "https://github.com/sponsors/feross"
        },
        {
          "type": "patreon",
          "url": "https://www.patreon.com/feross"
        },
        {
          "type": "consulting",
          "url": "https://feross.org/support"
        }
      ]
    },
    "node_modules/inherits": {
      "version": "2.0.4",
      "resolved": "https://registry.npmjs.org/inherits/-/inherits-2.0.4.tgz",
      "integrity": "sha512-k/vGaX4/Yla3WzyMCvTQOXYeIHvqOKtnqBduzTHpzpQZzAskKMhZ2K+EnBiSM9zGSoIFeMpXKxa4dYeZIQqewQ=="
    },
    "node_modules/is-buffer": {
      "version": "1.1.6",
      "resolved": "https://registry.npmjs.org/is-buffer/-/is-buffer-1.1.6.tgz",
      "integrity": "sha512-NcdALwpXkTm5Zvvbk7owOUSvVvBKDgKP5/ewfXEznmQFfs4ZRmanOeKBTjRVjka3QFoN6XJ+9F3USqfHqTaU5w=="
    },
    "node_modules/js-crypto-env": {
      "version": "0.3.2",
      "resolved": "https://registry.npmjs.org/js-crypto-env/-/js-crypto-env-0.3.2.tgz",
      "integrity": "sha512-F1uHiCkSOo36qBuuZABA4sBf+xeFBzhJZ0Sd7af8FAruszIhm1Xxv+Zr5Ne90Zlh7/fnxCsrdkj0N8f0a3lVlQ=="
    },
    "node_modules/js-crypto-hash": {
      "version": "0.6.3",
      "resolved": "https://registry.npmjs.org/js-crypto-hash/-/js-crypto-hash-0.6.3.tgz",
      "integrity": "sha512-SG8c9tM8y3sUb4k7WvpVfu5vU7zfPvX+eaYR5578TvehkehdaQbqAc+y+1FwxnqQ3WZ0gsYoOKp/mW+mqtNoWA==",
      "dependencies": {
        "buffer": "~5.4.3",
        "hash.js": "~1.1.7",
        "js-crypto-env": "^0.3.2",
        "md5": "~2.2.1",
        "sha3": "~2.1.0"
      }
    },
    "node_modules/js-crypto-hkdf": {
      "version": "0.7.3",
      "resolved": "https://registry.npmjs.org/js-crypto-hkdf/-/js-crypto-hkdf-0.7.3.tgz",
      "integrity": "sha512-eAaVArAjS2GCacWGXY4hjBiexrLQYlI0PMOcbwtrSEj84XU3kUfMYZm9bpTyaTXgdHC/eQoXe/Of6biG+RSEaQ==",
      "dependencies": {
        "js-crypto-env": "^0.3.2",
        "js-crypto-hmac": "^0.6.3",
        "js-crypto-random": "^0.4.3",
        "js-encoding-utils": "0.5.6"
      }
    },
    "node_modules/js-crypto-hmac": {
      "version": "0.6.3",
      "resolved": "https://registry.npmjs.org/js-crypto-hmac/-/js-crypto-hmac-0.6.3.tgz",
      "integrity": "sha512-T0pKOaHACOSG6Xs6/06G8RDDeZouQwIQNBq9L/zoUGsd4F67gAjpT3q2lGigAGpUd1hiyy7vnhvLpz7VDt6DbA==",
      "dependencies": {
        "js-crypto-env": "^0.3.2",
        "js-crypto-hash": "^0.6.3"
      }
    },
    "node_modules/js-crypto-random": {
      "version": "0.4.3",
      "resolved": "https://registry.npmjs.org/js-crypto-random/-/js-crypto-random-0.4.3.tgz",
      "integrity": "sha512-C3gzphPPfw9jfQ9Q/LjhJMZxQNp3AaoVRDvyZkiB+zYltfs8tKQPsskWkXACpg1Nzh01PtSRUvVijjptd2qGHQ==",
      "dependencies": {
        "js-crypto-env": "^0.3.2"
      }
    },
    "node_modules/js-encoding-utils": {
      "version": "0.5.6",
      "resolved": "https://registry.npmjs.org/js-encoding-utils/-/js-encoding-utils-0.5.6.tgz",
      "integrity": "sha512-qnAGsUIWrmzh5n+3AXqbxX1KsB9hkQmJZf3aA9DLAS7GpL/NEHCBreFFbW+imramoU+Q0TDyvkwhRbBRH1TVkg=="
    },
    "node_modules/md5": {
      "version": "2.2.1",
      "resolved": "https://registry.npmjs.org/md5/-/md5-2.2.1.tgz",
      "integrity": "sha1-U6s41f48iJG6RlMp6iP6wFQBJvk=",
      "dependencies": {
        "charenc": "~0.0.1",
        "crypt": "~0.0.1",
        "is-buffer": "~1.1.1"
      }
    },
    "node_modules/minimalistic-assert": {
      "version": "1.0.1",
      "resolved": "https://registry.npmjs.org/minimalistic-assert/-/minimalistic-assert-1.0.1.tgz",
      "integrity": "sha512-UtJcAD4yEaGtjPezWuO9wC4nwUnVH/8/Im3yEHQP4b67cXlD/Qr9hdITCU1xDbSEXg2XKNaP8jsReV7vQd00/A=="
    },
    "node_modules/miscreant": {
      "version": "0.3.2",
      "resolved": "https://registry.npmjs.org/miscreant/-/miscreant-0.3.2.tgz",
      "integrity": "sha512-fL9KxsQz9BJB2KGPMHFrReioywkiomBiuaLk6EuChijK0BsJsIKJXdVomR+/bPj5mvbFD6wM0CM3bZio9g7OHA=="
    },
    "node_modules/pako": {
      "version": "1.0.11",
      "resolved": "https://registry.npmjs.org/pako/-/pako-1.0.11.tgz",
      "integrity": "sha512-4hLB8Py4zZce5s4yd9XzopqwVv/yGNhV1Bl8NTmCq1763HeK2+EwVTv+leGeL13Dnh2wfbqowVPXCIO0z4taYw=="
    },
    "node_modules/readonly-date": {
      "version": "1.0.0",
      "resolved": "https://registry.npmjs.org/readonly-date/-/readonly-date-1.0.0.tgz",
      "integrity": "sha512-tMKIV7hlk0h4mO3JTmmVuIlJVXjKk3Sep9Bf5OH0O+758ruuVkUy2J9SttDLm91IEX/WHlXPSpxMGjPj4beMIQ=="
    },
    "node_modules/secure-random": {
      "version": "1.1.2",
      "resolved": "https://registry.npmjs.org/secure-random/-/secure-random-1.1.2.tgz",
      "integrity": "sha512-H2bdSKERKdBV1SwoqYm6C0y+9EA94v6SUBOWO8kDndc4NoUih7Dv6Tsgma7zO1lv27wIvjlD0ZpMQk7um5dheQ=="
    },
    "node_modules/sha3": {
      "version": "2.1.4",
      "resolved": "https://registry.npmjs.org/sha3/-/sha3-2.1.4.tgz",
      "integrity": "sha512-S8cNxbyb0UGUM2VhRD4Poe5N58gJnJsLJ5vC7FYWGUmGhcsj4++WaIOBFVDxlG0W3To6xBuiRh+i0Qp2oNCOtg==",
      "dependencies": {
        "buffer": "6.0.3"
      }
    },
    "node_modules/sha3/node_modules/buffer": {
      "version": "6.0.3",
      "resolved": "https://registry.npmjs.org/buffer/-/buffer-6.0.3.tgz",
      "integrity": "sha512-FTiCpNxtwiZZHEZbcbTIcZjERVICn9yq/pDFkTl95/AxzD1naBctN7YO68riM/gLSDY7sdrMby8hofADYuuqOA==",
      "funding": [
        {
          "type": "github",
          "url": "https://github.com/sponsors/feross"
        },
        {
          "type": "patreon",
          "url": "https://www.patreon.com/feross"
        },
        {
          "type": "consulting",
          "url": "https://feross.org/support"
        }
      ],
      "dependencies": {
        "base64-js": "^1.3.1",
        "ieee754": "^1.2.1"
      }
    }
  },
  "dependencies": {
    "@iov/crypto": {
      "version": "2.1.0",
      "integrity": "sha512-jnb4XuK50admolm7fBxOcxfAW2TO+wYrZlhDWiMETItY/Y5gNNa1zaDSO2wNIjjfGng+8nQ1yqnNhqy7busV2Q==",
      "requires": {
        "@iov/encoding": "^2.1.0",
        "bip39": "^3.0.2",
        "bn.js": "^4.11.8",
        "elliptic": "^6.4.0",
        "js-sha3": "^0.8.0",
        "libsodium-wrappers": "^0.7.6",
        "pbkdf2": "^3.0.16",
        "ripemd160": "^2.0.2",
        "sha.js": "^2.4.11",
        "type-tagger": "^1.0.0",
        "unorm": "^1.5.0"
      }
    },
    "@iov/encoding": {
      "version": "2.1.0",
      "integrity": "sha512-5IOdLO7Xg/uRykuiCqeMYghQ3IjWDtGxv7NTWXkgpHuna0aewx43mRpT2NPCpOZd1tpuorDtQ7/zbDNRaIIF/w==",
      "requires": {
        "base64-js": "^1.3.0",
        "bech32": "^1.1.3",
        "bn.js": "^4.11.8",
        "readonly-date": "^1.0.0"
      }
    },
    "@iov/utils": {
      "version": "2.0.2",
      "integrity": "sha512-4D8MEvTcFc/DVy5q25vHxRItmgJyeX85dixMH+MxdKr+yy71h3sYk+sVBEIn70uqGP7VqAJkGOPNFs08/XYELw=="
    },
    "@types/events": {
      "version": "3.0.0",
      "resolved": "https://registry.npmjs.org/@types/events/-/events-3.0.0.tgz",
      "integrity": "sha512-EaObqwIvayI5a8dCzhFrjKzVwKLxjoG9T6Ppd5CEo07LRKfQ8Yokw54r5+Wq7FaBQ+yXRvQAYPrHwya1/UFt9g==",
      "dev": true
    },
    "@types/node-localstorage": {
      "version": "1.3.0",
      "resolved": "https://registry.npmjs.org/@types/node-localstorage/-/node-localstorage-1.3.0.tgz",
      "integrity": "sha512-9+s5CWGhkYitklhLgnbf4s5ncCEx0An2jhBuhvw/sh9WNQ+/WvNFkPLyLjXGy+Oeo8CjPl69oz6M2FzZH+KwWA==",
      "dev": true,
      "requires": {
        "@types/events": "*"
      }
    },
    "@types/pako": {
      "version": "1.0.1",
      "resolved": "https://registry.npmjs.org/@types/pako/-/pako-1.0.1.tgz",
      "integrity": "sha512-GdZbRSJ3Cv5fiwT6I0SQ3ckeN2PWNqxd26W9Z2fCK1tGrrasGy4puvNFtnddqH9UJFMQYXxEuuB7B8UK+LLwSg==",
      "dev": true
    },
    "@types/q": {
      "version": "1.5.4",
      "resolved": "https://registry.npmjs.org/@types/q/-/q-1.5.4.tgz",
      "integrity": "sha512-1HcDas8SEj4z1Wc696tH56G8OlRaH/sqZOynNNB+HF0WOeXPaxTtbYzJY2oEfiUxjSKjhCKr+MvR7dCHcEelug==",
      "dev": true
    },
    "axios": {
      "version": "0.21.1",
      "resolved": "https://registry.npmjs.org/axios/-/axios-0.21.1.tgz",
      "integrity": "sha512-dKQiRHxGD9PPRIUNIWvZhPTPpl1rf/OxTYKsqKUDjBwYylTvV7SjSHJb9ratfyzM6wCdLCOYLzs73qpg5c4iGA==",
      "requires": {
        "follow-redirects": "^1.10.0"
      }
    },
    "base64-js": {
      "version": "1.5.1",
      "resolved": "https://registry.npmjs.org/base64-js/-/base64-js-1.5.1.tgz",
      "integrity": "sha512-AKpaYlHn8t4SVbOHCy+b5+KKgvR4vrsD8vbvrbiQJps7fKDTkjkDry6ji0rUJjC0kzbNePLwzxq8iypo41qeWA=="
    },
    "bn.js": {
      "version": "4.12.0",
      "integrity": "sha512-c98Bf3tPniI+scsdk237ku1Dc3ujXQTSgyiPUDEOe7tRkhrqridvh8klBv0HCEso1OLOYcHuCv/cS6DNxKH+ZA=="
    },
    "buffer": {
      "version": "5.4.3",
      "resolved": "https://registry.npmjs.org/buffer/-/buffer-5.4.3.tgz",
      "integrity": "sha512-zvj65TkFeIt3i6aj5bIvJDzjjQQGs4o/sNoezg1F1kYap9Nu2jcUdpwzRSJTHMMzG0H7bZkn4rNQpImhuxWX2A==",
      "requires": {
        "base64-js": "^1.0.2",
        "ieee754": "^1.1.4"
      }
    },
    "charenc": {
      "version": "0.0.2",
      "resolved": "https://registry.npmjs.org/charenc/-/charenc-0.0.2.tgz",
      "integrity": "sha1-wKHS86cJLgN3S/qD8UwPxXkKhmc="
    },
    "crypt": {
      "version": "0.0.2",
      "resolved": "https://registry.npmjs.org/crypt/-/crypt-0.0.2.tgz",
      "integrity": "sha1-iNf/fsDfuG9xPch7u0LQRNPmxBs="
    },
    "curve25519-js": {
      "version": "0.0.4",
      "resolved": "https://registry.npmjs.org/curve25519-js/-/curve25519-js-0.0.4.tgz",
      "integrity": "sha512-axn2UMEnkhyDUPWOwVKBMVIzSQy2ejH2xRGy1wq81dqRwApXfIzfbE3hIX0ZRFBIihf/KDqK158DLwESu4AK1w=="
    },
    "fast-deep-equal": {
      "version": "3.1.1",
      "integrity": "sha512-8UEa58QDLauDNfpbrX55Q9jrGHThw2ZMdOky5Gl1CDtVeJDPVrG4Jxx1N8jw2gkWaff5UUuX1KJd+9zGe2B+ZA=="
    },
    "follow-redirects": {
      "version": "1.14.1",
      "resolved": "https://registry.npmjs.org/follow-redirects/-/follow-redirects-1.14.1.tgz",
      "integrity": "sha512-HWqDgT7ZEkqRzBvc2s64vSZ/hfOceEol3ac/7tKwzuvEyWx3/4UegXh5oBOIotkGsObyk3xznnSRVADBgWSQVg=="
    },
    "hash.js": {
      "version": "1.1.7",
      "resolved": "https://registry.npmjs.org/hash.js/-/hash.js-1.1.7.tgz",
      "integrity": "sha512-taOaskGt4z4SOANNseOviYDvjEJinIkRgmp7LbKP2YTTmVxWBl87s/uzK9r+44BclBSp2X7K1hqeNfz9JbBeXA==",
      "requires": {
        "inherits": "^2.0.3",
        "minimalistic-assert": "^1.0.1"
      }
    },
    "ieee754": {
      "version": "1.2.1",
      "resolved": "https://registry.npmjs.org/ieee754/-/ieee754-1.2.1.tgz",
      "integrity": "sha512-dcyqhDvX1C46lXZcVqCpK+FtMRQVdIMN6/Df5js2zouUsqG7I6sFxitIC+7KYK29KdXOLHdu9zL4sFnoVQnqaA=="
    },
    "inherits": {
      "version": "2.0.4",
      "resolved": "https://registry.npmjs.org/inherits/-/inherits-2.0.4.tgz",
      "integrity": "sha512-k/vGaX4/Yla3WzyMCvTQOXYeIHvqOKtnqBduzTHpzpQZzAskKMhZ2K+EnBiSM9zGSoIFeMpXKxa4dYeZIQqewQ=="
    },
    "is-buffer": {
      "version": "1.1.6",
      "resolved": "https://registry.npmjs.org/is-buffer/-/is-buffer-1.1.6.tgz",
      "integrity": "sha512-NcdALwpXkTm5Zvvbk7owOUSvVvBKDgKP5/ewfXEznmQFfs4ZRmanOeKBTjRVjka3QFoN6XJ+9F3USqfHqTaU5w=="
    },
    "js-crypto-env": {
      "version": "0.3.2",
      "resolved": "https://registry.npmjs.org/js-crypto-env/-/js-crypto-env-0.3.2.tgz",
      "integrity": "sha512-F1uHiCkSOo36qBuuZABA4sBf+xeFBzhJZ0Sd7af8FAruszIhm1Xxv+Zr5Ne90Zlh7/fnxCsrdkj0N8f0a3lVlQ=="
    },
    "js-crypto-hash": {
      "version": "0.6.3",
      "resolved": "https://registry.npmjs.org/js-crypto-hash/-/js-crypto-hash-0.6.3.tgz",
      "integrity": "sha512-SG8c9tM8y3sUb4k7WvpVfu5vU7zfPvX+eaYR5578TvehkehdaQbqAc+y+1FwxnqQ3WZ0gsYoOKp/mW+mqtNoWA==",
      "requires": {
        "buffer": "~5.4.3",
        "hash.js": "~1.1.7",
        "js-crypto-env": "^0.3.2",
        "md5": "~2.2.1",
        "sha3": "~2.1.0"
      }
    },
    "js-crypto-hkdf": {
      "version": "0.7.3",
      "resolved": "https://registry.npmjs.org/js-crypto-hkdf/-/js-crypto-hkdf-0.7.3.tgz",
      "integrity": "sha512-eAaVArAjS2GCacWGXY4hjBiexrLQYlI0PMOcbwtrSEj84XU3kUfMYZm9bpTyaTXgdHC/eQoXe/Of6biG+RSEaQ==",
      "requires": {
        "js-crypto-env": "^0.3.2",
        "js-crypto-hmac": "^0.6.3",
        "js-crypto-random": "^0.4.3",
        "js-encoding-utils": "0.5.6"
      }
    },
    "js-crypto-hmac": {
      "version": "0.6.3",
      "resolved": "https://registry.npmjs.org/js-crypto-hmac/-/js-crypto-hmac-0.6.3.tgz",
      "integrity": "sha512-T0pKOaHACOSG6Xs6/06G8RDDeZouQwIQNBq9L/zoUGsd4F67gAjpT3q2lGigAGpUd1hiyy7vnhvLpz7VDt6DbA==",
      "requires": {
        "js-crypto-env": "^0.3.2",
        "js-crypto-hash": "^0.6.3"
      }
    },
    "js-crypto-random": {
      "version": "0.4.3",
      "resolved": "https://registry.npmjs.org/js-crypto-random/-/js-crypto-random-0.4.3.tgz",
      "integrity": "sha512-C3gzphPPfw9jfQ9Q/LjhJMZxQNp3AaoVRDvyZkiB+zYltfs8tKQPsskWkXACpg1Nzh01PtSRUvVijjptd2qGHQ==",
      "requires": {
        "js-crypto-env": "^0.3.2"
      }
    },
    "js-encoding-utils": {
      "version": "0.5.6",
      "resolved": "https://registry.npmjs.org/js-encoding-utils/-/js-encoding-utils-0.5.6.tgz",
      "integrity": "sha512-qnAGsUIWrmzh5n+3AXqbxX1KsB9hkQmJZf3aA9DLAS7GpL/NEHCBreFFbW+imramoU+Q0TDyvkwhRbBRH1TVkg=="
    },
    "md5": {
      "version": "2.2.1",
      "resolved": "https://registry.npmjs.org/md5/-/md5-2.2.1.tgz",
      "integrity": "sha1-U6s41f48iJG6RlMp6iP6wFQBJvk=",
      "requires": {
        "charenc": "~0.0.1",
        "crypt": "~0.0.1",
        "is-buffer": "~1.1.1"
      }
    },
    "minimalistic-assert": {
      "version": "1.0.1",
      "resolved": "https://registry.npmjs.org/minimalistic-assert/-/minimalistic-assert-1.0.1.tgz",
      "integrity": "sha512-UtJcAD4yEaGtjPezWuO9wC4nwUnVH/8/Im3yEHQP4b67cXlD/Qr9hdITCU1xDbSEXg2XKNaP8jsReV7vQd00/A=="
    },
    "miscreant": {
      "version": "0.3.2",
      "resolved": "https://registry.npmjs.org/miscreant/-/miscreant-0.3.2.tgz",
      "integrity": "sha512-fL9KxsQz9BJB2KGPMHFrReioywkiomBiuaLk6EuChijK0BsJsIKJXdVomR+/bPj5mvbFD6wM0CM3bZio9g7OHA=="
    },
    "pako": {
      "version": "1.0.11",
      "resolved": "https://registry.npmjs.org/pako/-/pako-1.0.11.tgz",
      "integrity": "sha512-4hLB8Py4zZce5s4yd9XzopqwVv/yGNhV1Bl8NTmCq1763HeK2+EwVTv+leGeL13Dnh2wfbqowVPXCIO0z4taYw=="
    },
    "readonly-date": {
      "version": "1.0.0",
      "resolved": "https://registry.npmjs.org/readonly-date/-/readonly-date-1.0.0.tgz",
      "integrity": "sha512-tMKIV7hlk0h4mO3JTmmVuIlJVXjKk3Sep9Bf5OH0O+758ruuVkUy2J9SttDLm91IEX/WHlXPSpxMGjPj4beMIQ=="
    },
    "secure-random": {
      "version": "1.1.2",
      "resolved": "https://registry.npmjs.org/secure-random/-/secure-random-1.1.2.tgz",
      "integrity": "sha512-H2bdSKERKdBV1SwoqYm6C0y+9EA94v6SUBOWO8kDndc4NoUih7Dv6Tsgma7zO1lv27wIvjlD0ZpMQk7um5dheQ=="
    },
    "sha3": {
      "version": "2.1.4",
      "resolved": "https://registry.npmjs.org/sha3/-/sha3-2.1.4.tgz",
      "integrity": "sha512-S8cNxbyb0UGUM2VhRD4Poe5N58gJnJsLJ5vC7FYWGUmGhcsj4++WaIOBFVDxlG0W3To6xBuiRh+i0Qp2oNCOtg==",
      "requires": {
        "buffer": "6.0.3"
      },
      "dependencies": {
        "buffer": {
          "version": "6.0.3",
          "resolved": "https://registry.npmjs.org/buffer/-/buffer-6.0.3.tgz",
          "integrity": "sha512-FTiCpNxtwiZZHEZbcbTIcZjERVICn9yq/pDFkTl95/AxzD1naBctN7YO68riM/gLSDY7sdrMby8hofADYuuqOA==",
          "requires": {
            "base64-js": "^1.3.1",
            "ieee754": "^1.2.1"
          }
        }
      }
    }
  }
}
